<?xml version="1.0" encoding="UTF-8"?>
<!DOCTYPE plist PUBLIC "-//Apple//DTD PLIST 1.0//EN" "http://www.apple.com/DTDs/PropertyList-1.0.dtd">
<plist version="1.0">
<dict>
	<key>archiveVersion</key>
	<string>1</string>
	<key>classes</key>
	<dict/>
	<key>objectVersion</key>
	<string>46</string>
	<key>objects</key>
	<dict>
		<key>09905CECAE2A4884925F3AE1</key>
		<dict>
			<key>children</key>
			<array>
				<string>6C7B9D2E19E735D600C86637</string>
				<string>6C7B9D2C19E7352100C86637</string>
				<string>DAEAA8757C8B446F8D10E45F</string>
			</array>
			<key>isa</key>
			<string>PBXGroup</string>
			<key>name</key>
			<string>Frameworks</string>
			<key>sourceTree</key>
			<string>&lt;group&gt;</string>
		</dict>
		<key>1655C8E7531645AAB0DA452B</key>
		<dict>
			<key>buildActionMask</key>
			<string>2147483647</string>
			<key>files</key>
			<array/>
			<key>inputPaths</key>
			<array/>
			<key>isa</key>
			<string>PBXShellScriptBuildPhase</string>
			<key>name</key>
			<string>Copy Pods Resources</string>
			<key>outputPaths</key>
			<array/>
			<key>runOnlyForDeploymentPostprocessing</key>
			<string>0</string>
			<key>shellPath</key>
			<string>/bin/sh</string>
			<key>shellScript</key>
			<string>"${SRCROOT}/Pods/Target Support Files/Pods-DynamicTableGenerator/Pods-DynamicTableGenerator-resources.sh"
</string>
			<key>showEnvVarsInLog</key>
			<string>0</string>
		</dict>
		<key>5923702A754745FEB1F27B3E</key>
		<dict>
			<key>fileRef</key>
			<string>DAEAA8757C8B446F8D10E45F</string>
			<key>isa</key>
			<string>PBXBuildFile</string>
		</dict>
		<key>6C7B9CB319E7256400C86637</key>
		<dict>
			<key>children</key>
			<array>
				<string>6C7B9CBE19E7256400C86637</string>
				<string>6C7B9CC819E7256400C86637</string>
				<string>6CBA470119E7566100EF8861</string>
				<string>6C7B9CBD19E7256400C86637</string>
				<string>09905CECAE2A4884925F3AE1</string>
				<string>F2336974B683F9DD961504C7</string>
			</array>
			<key>isa</key>
			<string>PBXGroup</string>
			<key>sourceTree</key>
			<string>&lt;group&gt;</string>
		</dict>
		<key>6C7B9CB419E7256400C86637</key>
		<dict>
			<key>attributes</key>
			<dict>
				<key>LastUpgradeCheck</key>
				<string>0600</string>
				<key>ORGANIZATIONNAME</key>
				<string>Theodore Brown</string>
				<key>TargetAttributes</key>
				<dict>
					<key>6C7B9CBB19E7256400C86637</key>
					<dict>
						<key>CreatedOnToolsVersion</key>
						<string>6.0.1</string>
					</dict>
					<key>6C7B9CC619E7256400C86637</key>
					<dict>
						<key>CreatedOnToolsVersion</key>
						<string>6.0.1</string>
					</dict>
					<key>6CBA46FF19E7566100EF8861</key>
					<dict>
						<key>CreatedOnToolsVersion</key>
						<string>6.0.1</string>
					</dict>
				</dict>
			</dict>
			<key>buildConfigurationList</key>
			<string>6C7B9CB719E7256400C86637</string>
			<key>compatibilityVersion</key>
			<string>Xcode 3.2</string>
			<key>developmentRegion</key>
			<string>English</string>
			<key>hasScannedForEncodings</key>
			<string>0</string>
			<key>isa</key>
			<string>PBXProject</string>
			<key>knownRegions</key>
			<array>
				<string>en</string>
			</array>
			<key>mainGroup</key>
			<string>6C7B9CB319E7256400C86637</string>
			<key>productRefGroup</key>
			<string>6C7B9CBD19E7256400C86637</string>
			<key>projectDirPath</key>
			<string></string>
			<key>projectReferences</key>
			<array/>
			<key>projectRoot</key>
			<string></string>
			<key>targets</key>
			<array>
				<string>6C7B9CBB19E7256400C86637</string>
				<string>6C7B9CC619E7256400C86637</string>
				<string>6CBA46FF19E7566100EF8861</string>
			</array>
		</dict>
		<key>6C7B9CB719E7256400C86637</key>
		<dict>
			<key>buildConfigurations</key>
			<array>
				<string>6C7B9CCB19E7256400C86637</string>
				<string>6C7B9CCC19E7256400C86637</string>
			</array>
			<key>defaultConfigurationIsVisible</key>
			<string>0</string>
			<key>defaultConfigurationName</key>
			<string>Release</string>
			<key>isa</key>
			<string>XCConfigurationList</string>
		</dict>
		<key>6C7B9CB819E7256400C86637</key>
		<dict>
			<key>buildActionMask</key>
			<string>2147483647</string>
			<key>files</key>
			<array>
				<string>6C7B9CF519E72D1300C86637</string>
				<string>6C7B9CFE19E72D4600C86637</string>
				<string>6C7B9D2219E72DC700C86637</string>
				<string>6C7B9CF119E72D1300C86637</string>
				<string>6C7B9CF419E72D1300C86637</string>
				<string>6C7B9CF819E72D1300C86637</string>
				<string>6C7B9CF019E72D1300C86637</string>
				<string>6C7B9CF719E72D1300C86637</string>
				<string>6C7B9D1319E72D9E00C86637</string>
				<string>6C7B9CC219E7256400C86637</string>
				<string>6C7B9D1419E72D9E00C86637</string>
				<string>6C7B9CF619E72D1300C86637</string>
				<string>6C7B9D2819E7304400C86637</string>
				<string>6C7B9D2319E72DC700C86637</string>
				<string>6C7B9D2119E72DC700C86637</string>
				<string>6C7B9D3C19E7386D00C86637</string>
				<string>6C7B9D3619E7369A00C86637</string>
				<string>6C7B9D1719E72D9E00C86637</string>
				<string>6C7B9CF319E72D1300C86637</string>
				<string>6C7B9D2B19E732AD00C86637</string>
				<string>6C7B9D2419E72DC700C86637</string>
				<string>6C7B9D1019E72D9E00C86637</string>
				<string>6C7B9D3519E7369A00C86637</string>
				<string>6C7B9D1219E72D9E00C86637</string>
				<string>6C7B9D1619E72D9E00C86637</string>
				<string>6C7B9D1119E72D9E00C86637</string>
				<string>6C7B9CF919E72D1300C86637</string>
				<string>6C7B9D1519E72D9E00C86637</string>
				<string>6C7B9CF219E72D1300C86637</string>
			</array>
			<key>isa</key>
			<string>PBXSourcesBuildPhase</string>
			<key>runOnlyForDeploymentPostprocessing</key>
			<string>0</string>
		</dict>
		<key>6C7B9CB919E7256400C86637</key>
		<dict>
			<key>buildActionMask</key>
			<string>2147483647</string>
			<key>files</key>
			<array>
				<string>6C7B9D2F19E735D600C86637</string>
				<string>6C7B9D2D19E7352100C86637</string>
				<string>5923702A754745FEB1F27B3E</string>
			</array>
			<key>isa</key>
			<string>PBXFrameworksBuildPhase</string>
			<key>runOnlyForDeploymentPostprocessing</key>
			<string>0</string>
		</dict>
		<key>6C7B9CBA19E7256400C86637</key>
		<dict>
			<key>buildActionMask</key>
			<string>2147483647</string>
			<key>dstPath</key>
			<string>include/$(PRODUCT_NAME)</string>
			<key>dstSubfolderSpec</key>
			<string>16</string>
			<key>files</key>
			<array>
				<string>6C7B9CC019E7256400C86637</string>
			</array>
			<key>isa</key>
			<string>PBXCopyFilesBuildPhase</string>
			<key>runOnlyForDeploymentPostprocessing</key>
			<string>0</string>
		</dict>
		<key>6C7B9CBB19E7256400C86637</key>
		<dict>
			<key>buildConfigurationList</key>
			<string>6C7B9CCD19E7256400C86637</string>
			<key>buildPhases</key>
			<array>
				<string>F31CCC19F5824FE09FDD57C5</string>
				<string>6C7B9CB819E7256400C86637</string>
				<string>6C7B9CB919E7256400C86637</string>
				<string>6C7B9CBA19E7256400C86637</string>
				<string>1655C8E7531645AAB0DA452B</string>
				<string>6CBA46FB19E755C100EF8861</string>
			</array>
			<key>buildRules</key>
			<array/>
			<key>dependencies</key>
			<array/>
			<key>isa</key>
			<string>PBXNativeTarget</string>
			<key>name</key>
			<string>DynamicTableGenerator</string>
			<key>productName</key>
			<string>DynamicTableGenerator</string>
			<key>productReference</key>
			<string>6C7B9CBC19E7256400C86637</string>
			<key>productType</key>
			<string>com.apple.product-type.library.static</string>
		</dict>
		<key>6C7B9CBC19E7256400C86637</key>
		<dict>
			<key>explicitFileType</key>
			<string>archive.ar</string>
			<key>includeInIndex</key>
			<string>0</string>
			<key>isa</key>
			<string>PBXFileReference</string>
			<key>path</key>
			<string>libDynamicTableGenerator.a</string>
			<key>sourceTree</key>
			<string>BUILT_PRODUCTS_DIR</string>
		</dict>
		<key>6C7B9CBD19E7256400C86637</key>
		<dict>
			<key>children</key>
			<array>
				<string>6C7B9CBC19E7256400C86637</string>
				<string>6C7B9CC719E7256400C86637</string>
				<string>6CBA470019E7566100EF8861</string>
			</array>
			<key>isa</key>
			<string>PBXGroup</string>
			<key>name</key>
			<string>Products</string>
			<key>sourceTree</key>
			<string>&lt;group&gt;</string>
		</dict>
		<key>6C7B9CBE19E7256400C86637</key>
		<dict>
			<key>children</key>
			<array>
				<string>6C7B9D3019E7365000C86637</string>
				<string>6C7B9D2519E7303300C86637</string>
				<string>6C7B9D1819E72DBC00C86637</string>
				<string>6C7B9CFA19E72D2500C86637</string>
				<string>6C7B9CBF19E7256400C86637</string>
				<string>6C7B9CC119E7256400C86637</string>
			</array>
			<key>isa</key>
			<string>PBXGroup</string>
			<key>path</key>
			<string>DynamicTableGenerator</string>
			<key>sourceTree</key>
			<string>&lt;group&gt;</string>
		</dict>
		<key>6C7B9CBF19E7256400C86637</key>
		<dict>
			<key>isa</key>
			<string>PBXFileReference</string>
			<key>lastKnownFileType</key>
			<string>sourcecode.c.h</string>
			<key>path</key>
			<string>DynamicTableGenerator.h</string>
			<key>sourceTree</key>
			<string>&lt;group&gt;</string>
		</dict>
		<key>6C7B9CC019E7256400C86637</key>
		<dict>
			<key>fileRef</key>
			<string>6C7B9CBF19E7256400C86637</string>
			<key>isa</key>
			<string>PBXBuildFile</string>
		</dict>
		<key>6C7B9CC119E7256400C86637</key>
		<dict>
			<key>isa</key>
			<string>PBXFileReference</string>
			<key>lastKnownFileType</key>
			<string>sourcecode.c.objc</string>
			<key>path</key>
			<string>DynamicTableGenerator.m</string>
			<key>sourceTree</key>
			<string>&lt;group&gt;</string>
		</dict>
		<key>6C7B9CC219E7256400C86637</key>
		<dict>
			<key>fileRef</key>
			<string>6C7B9CC119E7256400C86637</string>
			<key>isa</key>
			<string>PBXBuildFile</string>
		</dict>
		<key>6C7B9CC319E7256400C86637</key>
		<dict>
			<key>buildActionMask</key>
			<string>2147483647</string>
			<key>files</key>
			<array/>
			<key>isa</key>
			<string>PBXSourcesBuildPhase</string>
			<key>runOnlyForDeploymentPostprocessing</key>
			<string>0</string>
		</dict>
		<key>6C7B9CC419E7256400C86637</key>
		<dict>
			<key>buildActionMask</key>
			<string>2147483647</string>
			<key>files</key>
			<array/>
			<key>isa</key>
			<string>PBXFrameworksBuildPhase</string>
			<key>runOnlyForDeploymentPostprocessing</key>
			<string>0</string>
		</dict>
		<key>6C7B9CC519E7256400C86637</key>
		<dict>
			<key>buildActionMask</key>
			<string>2147483647</string>
			<key>files</key>
			<array/>
			<key>isa</key>
			<string>PBXResourcesBuildPhase</string>
			<key>runOnlyForDeploymentPostprocessing</key>
			<string>0</string>
		</dict>
		<key>6C7B9CC619E7256400C86637</key>
		<dict>
			<key>buildConfigurationList</key>
			<string>6C7B9CD019E7256400C86637</string>
			<key>buildPhases</key>
			<array>
				<string>6C7B9CC319E7256400C86637</string>
				<string>6C7B9CC419E7256400C86637</string>
				<string>6C7B9CC519E7256400C86637</string>
			</array>
			<key>buildRules</key>
			<array/>
			<key>dependencies</key>
			<array/>
			<key>isa</key>
			<string>PBXNativeTarget</string>
			<key>name</key>
			<string>DynamicTableGeneratorTests</string>
			<key>productName</key>
			<string>DynamicTableGeneratorTests</string>
			<key>productReference</key>
			<string>6C7B9CC719E7256400C86637</string>
			<key>productType</key>
			<string>com.apple.product-type.bundle.unit-test</string>
		</dict>
		<key>6C7B9CC719E7256400C86637</key>
		<dict>
			<key>explicitFileType</key>
			<string>wrapper.cfbundle</string>
			<key>includeInIndex</key>
			<string>0</string>
			<key>isa</key>
			<string>PBXFileReference</string>
			<key>path</key>
			<string>DynamicTableGeneratorTests.xctest</string>
			<key>sourceTree</key>
			<string>BUILT_PRODUCTS_DIR</string>
		</dict>
		<key>6C7B9CC819E7256400C86637</key>
		<dict>
			<key>children</key>
			<array>
				<string>6C7B9CC919E7256400C86637</string>
			</array>
			<key>isa</key>
			<string>PBXGroup</string>
			<key>path</key>
			<string>DynamicTableGeneratorTests</string>
			<key>sourceTree</key>
			<string>&lt;group&gt;</string>
		</dict>
		<key>6C7B9CC919E7256400C86637</key>
		<dict>
			<key>children</key>
			<array>
				<string>6C7B9CCA19E7256400C86637</string>
			</array>
			<key>isa</key>
			<string>PBXGroup</string>
			<key>name</key>
			<string>Supporting Files</string>
			<key>sourceTree</key>
			<string>&lt;group&gt;</string>
		</dict>
		<key>6C7B9CCA19E7256400C86637</key>
		<dict>
			<key>isa</key>
			<string>PBXFileReference</string>
			<key>lastKnownFileType</key>
			<string>text.plist.xml</string>
			<key>path</key>
			<string>Info.plist</string>
			<key>sourceTree</key>
			<string>&lt;group&gt;</string>
		</dict>
		<key>6C7B9CCB19E7256400C86637</key>
		<dict>
			<key>buildSettings</key>
			<dict>
				<key>ALWAYS_SEARCH_USER_PATHS</key>
				<string>NO</string>
				<key>CLANG_CXX_LANGUAGE_STANDARD</key>
				<string>gnu++0x</string>
				<key>CLANG_CXX_LIBRARY</key>
				<string>libc++</string>
				<key>CLANG_ENABLE_MODULES</key>
				<string>YES</string>
				<key>CLANG_ENABLE_OBJC_ARC</key>
				<string>YES</string>
				<key>CLANG_WARN_BOOL_CONVERSION</key>
				<string>YES</string>
				<key>CLANG_WARN_CONSTANT_CONVERSION</key>
				<string>YES</string>
				<key>CLANG_WARN_DIRECT_OBJC_ISA_USAGE</key>
				<string>YES_ERROR</string>
				<key>CLANG_WARN_EMPTY_BODY</key>
				<string>YES</string>
				<key>CLANG_WARN_ENUM_CONVERSION</key>
				<string>YES</string>
				<key>CLANG_WARN_INT_CONVERSION</key>
				<string>YES</string>
				<key>CLANG_WARN_OBJC_ROOT_CLASS</key>
				<string>YES_ERROR</string>
				<key>CLANG_WARN_UNREACHABLE_CODE</key>
				<string>YES</string>
				<key>CLANG_WARN__DUPLICATE_METHOD_MATCH</key>
				<string>YES</string>
				<key>COPY_PHASE_STRIP</key>
				<string>NO</string>
				<key>ENABLE_STRICT_OBJC_MSGSEND</key>
				<string>YES</string>
				<key>GCC_C_LANGUAGE_STANDARD</key>
				<string>gnu99</string>
				<key>GCC_DYNAMIC_NO_PIC</key>
				<string>NO</string>
				<key>GCC_OPTIMIZATION_LEVEL</key>
				<string>0</string>
				<key>GCC_PREPROCESSOR_DEFINITIONS</key>
				<array>
					<string>DEBUG=1</string>
					<string>$(inherited)</string>
				</array>
				<key>GCC_SYMBOLS_PRIVATE_EXTERN</key>
				<string>NO</string>
				<key>GCC_WARN_64_TO_32_BIT_CONVERSION</key>
				<string>YES</string>
				<key>GCC_WARN_ABOUT_RETURN_TYPE</key>
				<string>YES_ERROR</string>
				<key>GCC_WARN_UNDECLARED_SELECTOR</key>
				<string>YES</string>
				<key>GCC_WARN_UNINITIALIZED_AUTOS</key>
				<string>YES_AGGRESSIVE</string>
				<key>GCC_WARN_UNUSED_FUNCTION</key>
				<string>YES</string>
				<key>GCC_WARN_UNUSED_VARIABLE</key>
				<string>YES</string>
				<key>IPHONEOS_DEPLOYMENT_TARGET</key>
				<string>8.0</string>
				<key>MTL_ENABLE_DEBUG_INFO</key>
				<string>YES</string>
				<key>ONLY_ACTIVE_ARCH</key>
				<string>YES</string>
				<key>SDKROOT</key>
				<string>iphoneos</string>
			</dict>
			<key>isa</key>
			<string>XCBuildConfiguration</string>
			<key>name</key>
			<string>Debug</string>
		</dict>
		<key>6C7B9CCC19E7256400C86637</key>
		<dict>
			<key>buildSettings</key>
			<dict>
				<key>ALWAYS_SEARCH_USER_PATHS</key>
				<string>NO</string>
				<key>CLANG_CXX_LANGUAGE_STANDARD</key>
				<string>gnu++0x</string>
				<key>CLANG_CXX_LIBRARY</key>
				<string>libc++</string>
				<key>CLANG_ENABLE_MODULES</key>
				<string>YES</string>
				<key>CLANG_ENABLE_OBJC_ARC</key>
				<string>YES</string>
				<key>CLANG_WARN_BOOL_CONVERSION</key>
				<string>YES</string>
				<key>CLANG_WARN_CONSTANT_CONVERSION</key>
				<string>YES</string>
				<key>CLANG_WARN_DIRECT_OBJC_ISA_USAGE</key>
				<string>YES_ERROR</string>
				<key>CLANG_WARN_EMPTY_BODY</key>
				<string>YES</string>
				<key>CLANG_WARN_ENUM_CONVERSION</key>
				<string>YES</string>
				<key>CLANG_WARN_INT_CONVERSION</key>
				<string>YES</string>
				<key>CLANG_WARN_OBJC_ROOT_CLASS</key>
				<string>YES_ERROR</string>
				<key>CLANG_WARN_UNREACHABLE_CODE</key>
				<string>YES</string>
				<key>CLANG_WARN__DUPLICATE_METHOD_MATCH</key>
				<string>YES</string>
				<key>COPY_PHASE_STRIP</key>
				<string>YES</string>
				<key>ENABLE_NS_ASSERTIONS</key>
				<string>NO</string>
				<key>ENABLE_STRICT_OBJC_MSGSEND</key>
				<string>YES</string>
				<key>GCC_C_LANGUAGE_STANDARD</key>
				<string>gnu99</string>
				<key>GCC_WARN_64_TO_32_BIT_CONVERSION</key>
				<string>YES</string>
				<key>GCC_WARN_ABOUT_RETURN_TYPE</key>
				<string>YES_ERROR</string>
				<key>GCC_WARN_UNDECLARED_SELECTOR</key>
				<string>YES</string>
				<key>GCC_WARN_UNINITIALIZED_AUTOS</key>
				<string>YES_AGGRESSIVE</string>
				<key>GCC_WARN_UNUSED_FUNCTION</key>
				<string>YES</string>
				<key>GCC_WARN_UNUSED_VARIABLE</key>
				<string>YES</string>
				<key>IPHONEOS_DEPLOYMENT_TARGET</key>
				<string>8.0</string>
				<key>MTL_ENABLE_DEBUG_INFO</key>
				<string>NO</string>
				<key>SDKROOT</key>
				<string>iphoneos</string>
				<key>VALIDATE_PRODUCT</key>
				<string>YES</string>
			</dict>
			<key>isa</key>
			<string>XCBuildConfiguration</string>
			<key>name</key>
			<string>Release</string>
		</dict>
		<key>6C7B9CCD19E7256400C86637</key>
		<dict>
			<key>buildConfigurations</key>
			<array>
				<string>6C7B9CCE19E7256400C86637</string>
				<string>6C7B9CCF19E7256400C86637</string>
			</array>
			<key>defaultConfigurationIsVisible</key>
			<string>0</string>
			<key>defaultConfigurationName</key>
			<string>Release</string>
			<key>isa</key>
			<string>XCConfigurationList</string>
		</dict>
		<key>6C7B9CCE19E7256400C86637</key>
		<dict>
			<key>baseConfigurationReference</key>
			<string>8CE5960D3BCCF624D49FCAAA</string>
			<key>buildSettings</key>
			<dict>
				<key>OTHER_LDFLAGS</key>
				<string>-ObjC</string>
				<key>PRODUCT_NAME</key>
				<string>$(TARGET_NAME)</string>
				<key>SKIP_INSTALL</key>
				<string>YES</string>
			</dict>
			<key>isa</key>
			<string>XCBuildConfiguration</string>
			<key>name</key>
			<string>Debug</string>
		</dict>
		<key>6C7B9CCF19E7256400C86637</key>
		<dict>
			<key>baseConfigurationReference</key>
			<string>EC5972F758B4B74B733E38BF</string>
			<key>buildSettings</key>
			<dict>
				<key>OTHER_LDFLAGS</key>
				<string>-ObjC</string>
				<key>PRODUCT_NAME</key>
				<string>$(TARGET_NAME)</string>
				<key>SKIP_INSTALL</key>
				<string>YES</string>
			</dict>
			<key>isa</key>
			<string>XCBuildConfiguration</string>
			<key>name</key>
			<string>Release</string>
		</dict>
		<key>6C7B9CD019E7256400C86637</key>
		<dict>
			<key>buildConfigurations</key>
			<array>
				<string>6C7B9CD119E7256400C86637</string>
				<string>6C7B9CD219E7256400C86637</string>
			</array>
			<key>defaultConfigurationIsVisible</key>
			<string>0</string>
			<key>defaultConfigurationName</key>
			<string>Release</string>
			<key>isa</key>
			<string>XCConfigurationList</string>
		</dict>
		<key>6C7B9CD119E7256400C86637</key>
		<dict>
			<key>buildSettings</key>
			<dict>
				<key>FRAMEWORK_SEARCH_PATHS</key>
				<array>
					<string>$(SDKROOT)/Developer/Library/Frameworks</string>
					<string>$(inherited)</string>
				</array>
				<key>GCC_PREPROCESSOR_DEFINITIONS</key>
				<array>
					<string>DEBUG=1</string>
					<string>$(inherited)</string>
				</array>
				<key>INFOPLIST_FILE</key>
				<string>DynamicTableGeneratorTests/Info.plist</string>
				<key>LD_RUNPATH_SEARCH_PATHS</key>
				<string>$(inherited) @executable_path/Frameworks @loader_path/Frameworks</string>
				<key>PRODUCT_NAME</key>
				<string>$(TARGET_NAME)</string>
			</dict>
			<key>isa</key>
			<string>XCBuildConfiguration</string>
			<key>name</key>
			<string>Debug</string>
		</dict>
		<key>6C7B9CD219E7256400C86637</key>
		<dict>
			<key>buildSettings</key>
			<dict>
				<key>FRAMEWORK_SEARCH_PATHS</key>
				<array>
					<string>$(SDKROOT)/Developer/Library/Frameworks</string>
					<string>$(inherited)</string>
				</array>
				<key>INFOPLIST_FILE</key>
				<string>DynamicTableGeneratorTests/Info.plist</string>
				<key>LD_RUNPATH_SEARCH_PATHS</key>
				<string>$(inherited) @executable_path/Frameworks @loader_path/Frameworks</string>
				<key>PRODUCT_NAME</key>
				<string>$(TARGET_NAME)</string>
			</dict>
			<key>isa</key>
			<string>XCBuildConfiguration</string>
			<key>name</key>
			<string>Release</string>
		</dict>
		<key>6C7B9CD319E72CF000C86637</key>
		<dict>
			<key>children</key>
			<array>
				<string>6C7B9CD419E72D1200C86637</string>
				<string>6C7B9CD519E72D1200C86637</string>
				<string>6C7B9CD619E72D1200C86637</string>
				<string>6C7B9CD719E72D1200C86637</string>
				<string>6C7B9CD819E72D1200C86637</string>
				<string>6C7B9CD919E72D1200C86637</string>
				<string>6C7B9CDA19E72D1200C86637</string>
				<string>6C7B9CDB19E72D1200C86637</string>
				<string>6C7B9CDC19E72D1200C86637</string>
				<string>6C7B9CDD19E72D1200C86637</string>
				<string>6C7B9CDE19E72D1200C86637</string>
				<string>6C7B9CDF19E72D1200C86637</string>
				<string>6C7B9CE019E72D1200C86637</string>
				<string>6C7B9CE119E72D1200C86637</string>
				<string>6C7B9CE219E72D1200C86637</string>
				<string>6C7B9CE319E72D1200C86637</string>
				<string>6C7B9CE419E72D1300C86637</string>
				<string>6C7B9CE519E72D1300C86637</string>
				<string>6C7B9CE619E72D1300C86637</string>
				<string>6C7B9CE719E72D1300C86637</string>
				<string>6C7B9CE819E72D1300C86637</string>
				<string>6C7B9CE919E72D1300C86637</string>
				<string>6C7B9CEA19E72D1300C86637</string>
				<string>6C7B9CEB19E72D1300C86637</string>
				<string>6C7B9CEC19E72D1300C86637</string>
				<string>6C7B9CED19E72D1300C86637</string>
				<string>6C7B9CEE19E72D1300C86637</string>
				<string>6C7B9CEF19E72D1300C86637</string>
			</array>
			<key>isa</key>
			<string>PBXGroup</string>
			<key>name</key>
			<string>CellNIBS</string>
			<key>sourceTree</key>
			<string>&lt;group&gt;</string>
		</dict>
		<key>6C7B9CD419E72D1200C86637</key>
		<dict>
			<key>fileEncoding</key>
			<string>4</string>
			<key>isa</key>
			<string>PBXFileReference</string>
			<key>lastKnownFileType</key>
			<string>sourcecode.c.h</string>
			<key>path</key>
			<string>XIBBasedTableCell.h</string>
			<key>sourceTree</key>
			<string>&lt;group&gt;</string>
		</dict>
		<key>6C7B9CD519E72D1200C86637</key>
		<dict>
			<key>fileEncoding</key>
			<string>4</string>
			<key>isa</key>
			<string>PBXFileReference</string>
			<key>lastKnownFileType</key>
			<string>sourcecode.c.objc</string>
			<key>path</key>
			<string>XIBBasedTableCell.m</string>
			<key>sourceTree</key>
			<string>&lt;group&gt;</string>
		</dict>
		<key>6C7B9CD619E72D1200C86637</key>
		<dict>
			<key>fileEncoding</key>
			<string>4</string>
			<key>isa</key>
			<string>PBXFileReference</string>
			<key>lastKnownFileType</key>
			<string>sourcecode.c.h</string>
			<key>path</key>
			<string>CellWithSegment.h</string>
			<key>sourceTree</key>
			<string>&lt;group&gt;</string>
		</dict>
		<key>6C7B9CD719E72D1200C86637</key>
		<dict>
			<key>fileEncoding</key>
			<string>4</string>
			<key>isa</key>
			<string>PBXFileReference</string>
			<key>lastKnownFileType</key>
			<string>sourcecode.c.objc</string>
			<key>path</key>
			<string>CellWithSegment.m</string>
			<key>sourceTree</key>
			<string>&lt;group&gt;</string>
		</dict>
		<key>6C7B9CD819E72D1200C86637</key>
		<dict>
			<key>fileEncoding</key>
			<string>4</string>
			<key>isa</key>
			<string>PBXFileReference</string>
			<key>lastKnownFileType</key>
			<string>file.xib</string>
			<key>path</key>
			<string>CellWithSegment.xib</string>
			<key>sourceTree</key>
			<string>&lt;group&gt;</string>
		</dict>
		<key>6C7B9CD919E72D1200C86637</key>
		<dict>
			<key>fileEncoding</key>
			<string>4</string>
			<key>isa</key>
			<string>PBXFileReference</string>
			<key>lastKnownFileType</key>
			<string>sourcecode.c.h</string>
			<key>path</key>
			<string>CellWithAbstractActionSheet.h</string>
			<key>sourceTree</key>
			<string>&lt;group&gt;</string>
		</dict>
		<key>6C7B9CDA19E72D1200C86637</key>
		<dict>
			<key>fileEncoding</key>
			<string>4</string>
			<key>isa</key>
			<string>PBXFileReference</string>
			<key>lastKnownFileType</key>
			<string>sourcecode.c.objc</string>
			<key>path</key>
			<string>CellWithAbstractActionSheet.m</string>
			<key>sourceTree</key>
			<string>&lt;group&gt;</string>
		</dict>
		<key>6C7B9CDB19E72D1200C86637</key>
		<dict>
			<key>fileEncoding</key>
			<string>4</string>
			<key>isa</key>
			<string>PBXFileReference</string>
			<key>lastKnownFileType</key>
			<string>file.xib</string>
			<key>path</key>
			<string>CellWithAbstractActionSheet.xib</string>
			<key>sourceTree</key>
			<string>&lt;group&gt;</string>
		</dict>
		<key>6C7B9CDC19E72D1200C86637</key>
		<dict>
			<key>fileEncoding</key>
			<string>4</string>
			<key>isa</key>
			<string>PBXFileReference</string>
			<key>lastKnownFileType</key>
			<string>sourcecode.c.h</string>
			<key>path</key>
			<string>CellWithDate.h</string>
			<key>sourceTree</key>
			<string>&lt;group&gt;</string>
		</dict>
		<key>6C7B9CDD19E72D1200C86637</key>
		<dict>
			<key>fileEncoding</key>
			<string>4</string>
			<key>isa</key>
			<string>PBXFileReference</string>
			<key>lastKnownFileType</key>
			<string>sourcecode.c.objc</string>
			<key>path</key>
			<string>CellWithDate.m</string>
			<key>sourceTree</key>
			<string>&lt;group&gt;</string>
		</dict>
		<key>6C7B9CDE19E72D1200C86637</key>
		<dict>
			<key>fileEncoding</key>
			<string>4</string>
			<key>isa</key>
			<string>PBXFileReference</string>
			<key>lastKnownFileType</key>
			<string>file.xib</string>
			<key>path</key>
			<string>CellWithDate.xib</string>
			<key>sourceTree</key>
			<string>&lt;group&gt;</string>
		</dict>
		<key>6C7B9CDF19E72D1200C86637</key>
		<dict>
			<key>fileEncoding</key>
			<string>4</string>
			<key>isa</key>
			<string>PBXFileReference</string>
			<key>lastKnownFileType</key>
			<string>sourcecode.c.h</string>
			<key>path</key>
			<string>CellWithSwitch.h</string>
			<key>sourceTree</key>
			<string>&lt;group&gt;</string>
		</dict>
		<key>6C7B9CE019E72D1200C86637</key>
		<dict>
			<key>fileEncoding</key>
			<string>4</string>
			<key>isa</key>
			<string>PBXFileReference</string>
			<key>lastKnownFileType</key>
			<string>sourcecode.c.objc</string>
			<key>path</key>
			<string>CellWithSwitch.m</string>
			<key>sourceTree</key>
			<string>&lt;group&gt;</string>
		</dict>
		<key>6C7B9CE119E72D1200C86637</key>
		<dict>
			<key>fileEncoding</key>
			<string>4</string>
			<key>isa</key>
			<string>PBXFileReference</string>
			<key>lastKnownFileType</key>
			<string>file.xib</string>
			<key>path</key>
			<string>CellWithSwitch.xib</string>
			<key>sourceTree</key>
			<string>&lt;group&gt;</string>
		</dict>
		<key>6C7B9CE219E72D1200C86637</key>
		<dict>
			<key>fileEncoding</key>
			<string>4</string>
			<key>isa</key>
			<string>PBXFileReference</string>
			<key>lastKnownFileType</key>
			<string>sourcecode.c.h</string>
			<key>path</key>
			<string>CellWithText.h</string>
			<key>sourceTree</key>
			<string>&lt;group&gt;</string>
		</dict>
		<key>6C7B9CE319E72D1200C86637</key>
		<dict>
			<key>fileEncoding</key>
			<string>4</string>
			<key>isa</key>
			<string>PBXFileReference</string>
			<key>lastKnownFileType</key>
			<string>sourcecode.c.objc</string>
			<key>path</key>
			<string>CellWithText.m</string>
			<key>sourceTree</key>
			<string>&lt;group&gt;</string>
		</dict>
		<key>6C7B9CE419E72D1300C86637</key>
		<dict>
			<key>fileEncoding</key>
			<string>4</string>
			<key>isa</key>
			<string>PBXFileReference</string>
			<key>lastKnownFileType</key>
			<string>file.xib</string>
			<key>path</key>
			<string>CellWithText.xib</string>
			<key>sourceTree</key>
			<string>&lt;group&gt;</string>
		</dict>
		<key>6C7B9CE519E72D1300C86637</key>
		<dict>
			<key>fileEncoding</key>
			<string>4</string>
			<key>isa</key>
			<string>PBXFileReference</string>
			<key>lastKnownFileType</key>
			<string>sourcecode.c.h</string>
			<key>path</key>
			<string>TableCellWithNumber.h</string>
			<key>sourceTree</key>
			<string>&lt;group&gt;</string>
		</dict>
		<key>6C7B9CE619E72D1300C86637</key>
		<dict>
			<key>fileEncoding</key>
			<string>4</string>
			<key>isa</key>
			<string>PBXFileReference</string>
			<key>lastKnownFileType</key>
			<string>sourcecode.c.objc</string>
			<key>path</key>
			<string>TableCellWithNumber.m</string>
			<key>sourceTree</key>
			<string>&lt;group&gt;</string>
		</dict>
		<key>6C7B9CE719E72D1300C86637</key>
		<dict>
			<key>fileEncoding</key>
			<string>4</string>
			<key>isa</key>
			<string>PBXFileReference</string>
			<key>lastKnownFileType</key>
			<string>file.xib</string>
			<key>path</key>
			<string>TableCellWithNumber.xib</string>
			<key>sourceTree</key>
			<string>&lt;group&gt;</string>
		</dict>
		<key>6C7B9CE819E72D1300C86637</key>
		<dict>
			<key>fileEncoding</key>
			<string>4</string>
			<key>isa</key>
			<string>PBXFileReference</string>
			<key>lastKnownFileType</key>
			<string>sourcecode.c.h</string>
			<key>path</key>
			<string>CustomButtonCell.h</string>
			<key>sourceTree</key>
			<string>&lt;group&gt;</string>
		</dict>
		<key>6C7B9CE919E72D1300C86637</key>
		<dict>
			<key>fileEncoding</key>
			<string>4</string>
			<key>isa</key>
			<string>PBXFileReference</string>
			<key>lastKnownFileType</key>
			<string>sourcecode.c.objc</string>
			<key>path</key>
			<string>CustomButtonCell.m</string>
			<key>sourceTree</key>
			<string>&lt;group&gt;</string>
		</dict>
		<key>6C7B9CEA19E72D1300C86637</key>
		<dict>
			<key>fileEncoding</key>
			<string>4</string>
			<key>isa</key>
			<string>PBXFileReference</string>
			<key>lastKnownFileType</key>
			<string>sourcecode.c.h</string>
			<key>path</key>
			<string>CellWithButton.h</string>
			<key>sourceTree</key>
			<string>&lt;group&gt;</string>
		</dict>
		<key>6C7B9CEB19E72D1300C86637</key>
		<dict>
			<key>fileEncoding</key>
			<string>4</string>
			<key>isa</key>
			<string>PBXFileReference</string>
			<key>lastKnownFileType</key>
			<string>sourcecode.c.objc</string>
			<key>path</key>
			<string>CellWithButton.m</string>
			<key>sourceTree</key>
			<string>&lt;group&gt;</string>
		</dict>
		<key>6C7B9CEC19E72D1300C86637</key>
		<dict>
			<key>fileEncoding</key>
			<string>4</string>
			<key>isa</key>
			<string>PBXFileReference</string>
			<key>lastKnownFileType</key>
			<string>file.xib</string>
			<key>path</key>
			<string>CellWithButton.xib</string>
			<key>sourceTree</key>
			<string>&lt;group&gt;</string>
		</dict>
		<key>6C7B9CED19E72D1300C86637</key>
		<dict>
			<key>fileEncoding</key>
			<string>4</string>
			<key>isa</key>
			<string>PBXFileReference</string>
			<key>lastKnownFileType</key>
			<string>sourcecode.c.h</string>
			<key>path</key>
			<string>CellWithSlider.h</string>
			<key>sourceTree</key>
			<string>&lt;group&gt;</string>
		</dict>
		<key>6C7B9CEE19E72D1300C86637</key>
		<dict>
			<key>fileEncoding</key>
			<string>4</string>
			<key>isa</key>
			<string>PBXFileReference</string>
			<key>lastKnownFileType</key>
			<string>sourcecode.c.objc</string>
			<key>path</key>
			<string>CellWithSlider.m</string>
			<key>sourceTree</key>
			<string>&lt;group&gt;</string>
		</dict>
		<key>6C7B9CEF19E72D1300C86637</key>
		<dict>
			<key>fileEncoding</key>
			<string>4</string>
			<key>isa</key>
			<string>PBXFileReference</string>
			<key>lastKnownFileType</key>
			<string>file.xib</string>
			<key>path</key>
			<string>CellWithSlider.xib</string>
			<key>sourceTree</key>
			<string>&lt;group&gt;</string>
		</dict>
		<key>6C7B9CF019E72D1300C86637</key>
		<dict>
			<key>fileRef</key>
			<string>6C7B9CD519E72D1200C86637</string>
			<key>isa</key>
			<string>PBXBuildFile</string>
		</dict>
		<key>6C7B9CF119E72D1300C86637</key>
		<dict>
			<key>fileRef</key>
			<string>6C7B9CD719E72D1200C86637</string>
			<key>isa</key>
			<string>PBXBuildFile</string>
		</dict>
		<key>6C7B9CF219E72D1300C86637</key>
		<dict>
			<key>fileRef</key>
			<string>6C7B9CDA19E72D1200C86637</string>
			<key>isa</key>
			<string>PBXBuildFile</string>
		</dict>
		<key>6C7B9CF319E72D1300C86637</key>
		<dict>
			<key>fileRef</key>
			<string>6C7B9CDD19E72D1200C86637</string>
			<key>isa</key>
			<string>PBXBuildFile</string>
		</dict>
		<key>6C7B9CF419E72D1300C86637</key>
		<dict>
			<key>fileRef</key>
			<string>6C7B9CE019E72D1200C86637</string>
			<key>isa</key>
			<string>PBXBuildFile</string>
		</dict>
		<key>6C7B9CF519E72D1300C86637</key>
		<dict>
			<key>fileRef</key>
			<string>6C7B9CE319E72D1200C86637</string>
			<key>isa</key>
			<string>PBXBuildFile</string>
		</dict>
		<key>6C7B9CF619E72D1300C86637</key>
		<dict>
			<key>fileRef</key>
			<string>6C7B9CE619E72D1300C86637</string>
			<key>isa</key>
			<string>PBXBuildFile</string>
		</dict>
		<key>6C7B9CF719E72D1300C86637</key>
		<dict>
			<key>fileRef</key>
			<string>6C7B9CE919E72D1300C86637</string>
			<key>isa</key>
			<string>PBXBuildFile</string>
		</dict>
		<key>6C7B9CF819E72D1300C86637</key>
		<dict>
			<key>fileRef</key>
			<string>6C7B9CEB19E72D1300C86637</string>
			<key>isa</key>
			<string>PBXBuildFile</string>
		</dict>
		<key>6C7B9CF919E72D1300C86637</key>
		<dict>
			<key>fileRef</key>
			<string>6C7B9CEE19E72D1300C86637</string>
			<key>isa</key>
			<string>PBXBuildFile</string>
		</dict>
		<key>6C7B9CFA19E72D2500C86637</key>
		<dict>
			<key>children</key>
			<array>
				<string>6C7B9CFF19E72D7500C86637</string>
				<string>6C7B9CFB19E72D3A00C86637</string>
				<string>6C7B9CD319E72CF000C86637</string>
			</array>
			<key>isa</key>
			<string>PBXGroup</string>
			<key>name</key>
			<string>TableViewCells</string>
			<key>sourceTree</key>
			<string>&lt;group&gt;</string>
		</dict>
		<key>6C7B9CFB19E72D3A00C86637</key>
		<dict>
			<key>isa</key>
			<string>PBXFileReference</string>
			<key>lastKnownFileType</key>
			<string>sourcecode.c.h</string>
			<key>path</key>
			<string>TableCellEditableProtocol.h</string>
			<key>sourceTree</key>
			<string>&lt;group&gt;</string>
		</dict>
		<key>6C7B9CFC19E72D4600C86637</key>
		<dict>
			<key>fileEncoding</key>
			<string>4</string>
			<key>isa</key>
			<string>PBXFileReference</string>
			<key>lastKnownFileType</key>
			<string>sourcecode.c.h</string>
			<key>path</key>
			<string>DummyTestView.h</string>
			<key>sourceTree</key>
			<string>&lt;group&gt;</string>
		</dict>
		<key>6C7B9CFD19E72D4600C86637</key>
		<dict>
			<key>fileEncoding</key>
			<string>4</string>
			<key>isa</key>
			<string>PBXFileReference</string>
			<key>lastKnownFileType</key>
			<string>sourcecode.c.objc</string>
			<key>path</key>
			<string>DummyTestView.m</string>
			<key>sourceTree</key>
			<string>&lt;group&gt;</string>
		</dict>
		<key>6C7B9CFE19E72D4600C86637</key>
		<dict>
			<key>fileRef</key>
			<string>6C7B9CFD19E72D4600C86637</string>
			<key>isa</key>
			<string>PBXBuildFile</string>
		</dict>
		<key>6C7B9CFF19E72D7500C86637</key>
		<dict>
			<key>children</key>
			<array>
				<string>6C7B9D0019E72D9E00C86637</string>
				<string>6C7B9D0119E72D9E00C86637</string>
				<string>6C7B9D0219E72D9E00C86637</string>
				<string>6C7B9D0319E72D9E00C86637</string>
				<string>6C7B9D0419E72D9E00C86637</string>
				<string>6C7B9D0519E72D9E00C86637</string>
				<string>6C7B9D0619E72D9E00C86637</string>
				<string>6C7B9D0719E72D9E00C86637</string>
				<string>6C7B9D0819E72D9E00C86637</string>
				<string>6C7B9D0919E72D9E00C86637</string>
				<string>6C7B9D0A19E72D9E00C86637</string>
				<string>6C7B9D0B19E72D9E00C86637</string>
				<string>6C7B9D0C19E72D9E00C86637</string>
				<string>6C7B9D0D19E72D9E00C86637</string>
				<string>6C7B9D0E19E72D9E00C86637</string>
				<string>6C7B9D0F19E72D9E00C86637</string>
			</array>
			<key>isa</key>
			<string>PBXGroup</string>
			<key>name</key>
			<string>Option Cell Input Types</string>
			<key>sourceTree</key>
			<string>&lt;group&gt;</string>
		</dict>
		<key>6C7B9D0019E72D9E00C86637</key>
		<dict>
			<key>fileEncoding</key>
			<string>4</string>
			<key>isa</key>
			<string>PBXFileReference</string>
			<key>lastKnownFileType</key>
			<string>sourcecode.c.h</string>
			<key>path</key>
			<string>BaseOptionCellInput.h</string>
			<key>sourceTree</key>
			<string>&lt;group&gt;</string>
		</dict>
		<key>6C7B9D0119E72D9E00C86637</key>
		<dict>
			<key>fileEncoding</key>
			<string>4</string>
			<key>isa</key>
			<string>PBXFileReference</string>
			<key>lastKnownFileType</key>
			<string>sourcecode.c.objc</string>
			<key>path</key>
			<string>BaseOptionCellInput.m</string>
			<key>sourceTree</key>
			<string>&lt;group&gt;</string>
		</dict>
		<key>6C7B9D0219E72D9E00C86637</key>
		<dict>
			<key>fileEncoding</key>
			<string>4</string>
			<key>isa</key>
			<string>PBXFileReference</string>
			<key>lastKnownFileType</key>
			<string>sourcecode.c.h</string>
			<key>path</key>
			<string>SegmentOptionCellInput.h</string>
			<key>sourceTree</key>
			<string>&lt;group&gt;</string>
		</dict>
		<key>6C7B9D0319E72D9E00C86637</key>
		<dict>
			<key>fileEncoding</key>
			<string>4</string>
			<key>isa</key>
			<string>PBXFileReference</string>
			<key>lastKnownFileType</key>
			<string>sourcecode.c.objc</string>
			<key>path</key>
			<string>SegmentOptionCellInput.m</string>
			<key>sourceTree</key>
			<string>&lt;group&gt;</string>
		</dict>
		<key>6C7B9D0419E72D9E00C86637</key>
		<dict>
			<key>fileEncoding</key>
			<string>4</string>
			<key>isa</key>
			<string>PBXFileReference</string>
			<key>lastKnownFileType</key>
			<string>sourcecode.c.h</string>
			<key>path</key>
			<string>SliderOptionCellInput.h</string>
			<key>sourceTree</key>
			<string>&lt;group&gt;</string>
		</dict>
		<key>6C7B9D0519E72D9E00C86637</key>
		<dict>
			<key>fileEncoding</key>
			<string>4</string>
			<key>isa</key>
			<string>PBXFileReference</string>
			<key>lastKnownFileType</key>
			<string>sourcecode.c.objc</string>
			<key>path</key>
			<string>SliderOptionCellInput.m</string>
			<key>sourceTree</key>
			<string>&lt;group&gt;</string>
		</dict>
		<key>6C7B9D0619E72D9E00C86637</key>
		<dict>
			<key>fileEncoding</key>
			<string>4</string>
			<key>isa</key>
			<string>PBXFileReference</string>
			<key>lastKnownFileType</key>
			<string>sourcecode.c.h</string>
			<key>path</key>
			<string>DateOptionCellInput.h</string>
			<key>sourceTree</key>
			<string>&lt;group&gt;</string>
		</dict>
		<key>6C7B9D0719E72D9E00C86637</key>
		<dict>
			<key>fileEncoding</key>
			<string>4</string>
			<key>isa</key>
			<string>PBXFileReference</string>
			<key>lastKnownFileType</key>
			<string>sourcecode.c.objc</string>
			<key>path</key>
			<string>DateOptionCellInput.m</string>
			<key>sourceTree</key>
			<string>&lt;group&gt;</string>
		</dict>
		<key>6C7B9D0819E72D9E00C86637</key>
		<dict>
			<key>fileEncoding</key>
			<string>4</string>
			<key>isa</key>
			<string>PBXFileReference</string>
			<key>lastKnownFileType</key>
			<string>sourcecode.c.h</string>
			<key>path</key>
			<string>TextOptionCellInput.h</string>
			<key>sourceTree</key>
			<string>&lt;group&gt;</string>
		</dict>
		<key>6C7B9D0919E72D9E00C86637</key>
		<dict>
			<key>fileEncoding</key>
			<string>4</string>
			<key>isa</key>
			<string>PBXFileReference</string>
			<key>lastKnownFileType</key>
			<string>sourcecode.c.objc</string>
			<key>path</key>
			<string>TextOptionCellInput.m</string>
			<key>sourceTree</key>
			<string>&lt;group&gt;</string>
		</dict>
		<key>6C7B9D0A19E72D9E00C86637</key>
		<dict>
			<key>fileEncoding</key>
			<string>4</string>
			<key>isa</key>
			<string>PBXFileReference</string>
			<key>lastKnownFileType</key>
			<string>sourcecode.c.h</string>
			<key>path</key>
			<string>NumberOptionCellInput.h</string>
			<key>sourceTree</key>
			<string>&lt;group&gt;</string>
		</dict>
		<key>6C7B9D0B19E72D9E00C86637</key>
		<dict>
			<key>fileEncoding</key>
			<string>4</string>
			<key>isa</key>
			<string>PBXFileReference</string>
			<key>lastKnownFileType</key>
			<string>sourcecode.c.objc</string>
			<key>path</key>
			<string>NumberOptionCellInput.m</string>
			<key>sourceTree</key>
			<string>&lt;group&gt;</string>
		</dict>
		<key>6C7B9D0C19E72D9E00C86637</key>
		<dict>
			<key>fileEncoding</key>
			<string>4</string>
			<key>isa</key>
			<string>PBXFileReference</string>
			<key>lastKnownFileType</key>
			<string>sourcecode.c.h</string>
			<key>path</key>
			<string>ButtonOptionCellInput.h</string>
			<key>sourceTree</key>
			<string>&lt;group&gt;</string>
		</dict>
		<key>6C7B9D0D19E72D9E00C86637</key>
		<dict>
			<key>fileEncoding</key>
			<string>4</string>
			<key>isa</key>
			<string>PBXFileReference</string>
			<key>lastKnownFileType</key>
			<string>sourcecode.c.objc</string>
			<key>path</key>
			<string>ButtonOptionCellInput.m</string>
			<key>sourceTree</key>
			<string>&lt;group&gt;</string>
		</dict>
		<key>6C7B9D0E19E72D9E00C86637</key>
		<dict>
			<key>fileEncoding</key>
			<string>4</string>
			<key>isa</key>
			<string>PBXFileReference</string>
			<key>lastKnownFileType</key>
			<string>sourcecode.c.h</string>
			<key>path</key>
			<string>ActionSheetOptionCellInput.h</string>
			<key>sourceTree</key>
			<string>&lt;group&gt;</string>
		</dict>
		<key>6C7B9D0F19E72D9E00C86637</key>
		<dict>
			<key>fileEncoding</key>
			<string>4</string>
			<key>isa</key>
			<string>PBXFileReference</string>
			<key>lastKnownFileType</key>
			<string>sourcecode.c.objc</string>
			<key>path</key>
			<string>ActionSheetOptionCellInput.m</string>
			<key>sourceTree</key>
			<string>&lt;group&gt;</string>
		</dict>
		<key>6C7B9D1019E72D9E00C86637</key>
		<dict>
			<key>fileRef</key>
			<string>6C7B9D0119E72D9E00C86637</string>
			<key>isa</key>
			<string>PBXBuildFile</string>
		</dict>
		<key>6C7B9D1119E72D9E00C86637</key>
		<dict>
			<key>fileRef</key>
			<string>6C7B9D0319E72D9E00C86637</string>
			<key>isa</key>
			<string>PBXBuildFile</string>
		</dict>
		<key>6C7B9D1219E72D9E00C86637</key>
		<dict>
			<key>fileRef</key>
			<string>6C7B9D0519E72D9E00C86637</string>
			<key>isa</key>
			<string>PBXBuildFile</string>
		</dict>
		<key>6C7B9D1319E72D9E00C86637</key>
		<dict>
			<key>fileRef</key>
			<string>6C7B9D0719E72D9E00C86637</string>
			<key>isa</key>
			<string>PBXBuildFile</string>
		</dict>
		<key>6C7B9D1419E72D9E00C86637</key>
		<dict>
			<key>fileRef</key>
			<string>6C7B9D0919E72D9E00C86637</string>
			<key>isa</key>
			<string>PBXBuildFile</string>
		</dict>
		<key>6C7B9D1519E72D9E00C86637</key>
		<dict>
			<key>fileRef</key>
			<string>6C7B9D0B19E72D9E00C86637</string>
			<key>isa</key>
			<string>PBXBuildFile</string>
		</dict>
		<key>6C7B9D1619E72D9E00C86637</key>
		<dict>
			<key>fileRef</key>
			<string>6C7B9D0D19E72D9E00C86637</string>
			<key>isa</key>
			<string>PBXBuildFile</string>
		</dict>
		<key>6C7B9D1719E72D9E00C86637</key>
		<dict>
			<key>fileRef</key>
			<string>6C7B9D0F19E72D9E00C86637</string>
			<key>isa</key>
			<string>PBXBuildFile</string>
		</dict>
		<key>6C7B9D1819E72DBC00C86637</key>
		<dict>
			<key>children</key>
			<array>
				<string>6C7B9D1919E72DC700C86637</string>
				<string>6C7B9D1A19E72DC700C86637</string>
				<string>6C7B9D1B19E72DC700C86637</string>
				<string>6C7B9D1C19E72DC700C86637</string>
				<string>6C7B9D1D19E72DC700C86637</string>
				<string>6C7B9D1E19E72DC700C86637</string>
				<string>6C7B9D1F19E72DC700C86637</string>
				<string>6C7B9D2019E72DC700C86637</string>
			</array>
			<key>isa</key>
			<string>PBXGroup</string>
			<key>name</key>
			<string>Helper Protocols</string>
			<key>sourceTree</key>
			<string>&lt;group&gt;</string>
		</dict>
		<key>6C7B9D1919E72DC700C86637</key>
		<dict>
			<key>fileEncoding</key>
			<string>4</string>
			<key>isa</key>
			<string>PBXFileReference</string>
			<key>lastKnownFileType</key>
			<string>sourcecode.c.h</string>
			<key>path</key>
			<string>PropertyUtil.h</string>
			<key>sourceTree</key>
			<string>&lt;group&gt;</string>
		</dict>
		<key>6C7B9D1A19E72DC700C86637</key>
		<dict>
			<key>fileEncoding</key>
			<string>4</string>
			<key>isa</key>
			<string>PBXFileReference</string>
			<key>lastKnownFileType</key>
			<string>sourcecode.c.objc</string>
			<key>path</key>
			<string>PropertyUtil.m</string>
			<key>sourceTree</key>
			<string>&lt;group&gt;</string>
		</dict>
		<key>6C7B9D1B19E72DC700C86637</key>
		<dict>
			<key>fileEncoding</key>
			<string>4</string>
			<key>isa</key>
			<string>PBXFileReference</string>
			<key>lastKnownFileType</key>
			<string>sourcecode.c.h</string>
			<key>path</key>
			<string>FetchedResultsHelper.h</string>
			<key>sourceTree</key>
			<string>&lt;group&gt;</string>
		</dict>
		<key>6C7B9D1C19E72DC700C86637</key>
		<dict>
			<key>fileEncoding</key>
			<string>4</string>
			<key>isa</key>
			<string>PBXFileReference</string>
			<key>lastKnownFileType</key>
			<string>sourcecode.c.objc</string>
			<key>path</key>
			<string>FetchedResultsHelper.m</string>
			<key>sourceTree</key>
			<string>&lt;group&gt;</string>
		</dict>
		<key>6C7B9D1D19E72DC700C86637</key>
		<dict>
			<key>fileEncoding</key>
			<string>4</string>
			<key>isa</key>
			<string>PBXFileReference</string>
			<key>lastKnownFileType</key>
			<string>sourcecode.c.h</string>
			<key>path</key>
			<string>MutableTableViewObjects.h</string>
			<key>sourceTree</key>
			<string>&lt;group&gt;</string>
		</dict>
		<key>6C7B9D1E19E72DC700C86637</key>
		<dict>
			<key>fileEncoding</key>
			<string>4</string>
			<key>isa</key>
			<string>PBXFileReference</string>
			<key>lastKnownFileType</key>
			<string>sourcecode.c.objc</string>
			<key>path</key>
			<string>MutableTableViewObjects.m</string>
			<key>sourceTree</key>
			<string>&lt;group&gt;</string>
		</dict>
		<key>6C7B9D1F19E72DC700C86637</key>
		<dict>
			<key>fileEncoding</key>
			<string>4</string>
			<key>isa</key>
			<string>PBXFileReference</string>
			<key>lastKnownFileType</key>
			<string>sourcecode.c.h</string>
			<key>path</key>
			<string>SharedData.h</string>
			<key>sourceTree</key>
			<string>&lt;group&gt;</string>
		</dict>
		<key>6C7B9D2019E72DC700C86637</key>
		<dict>
			<key>fileEncoding</key>
			<string>4</string>
			<key>isa</key>
			<string>PBXFileReference</string>
			<key>lastKnownFileType</key>
			<string>sourcecode.c.objc</string>
			<key>path</key>
			<string>SharedData.m</string>
			<key>sourceTree</key>
			<string>&lt;group&gt;</string>
		</dict>
		<key>6C7B9D2119E72DC700C86637</key>
		<dict>
			<key>fileRef</key>
			<string>6C7B9D1A19E72DC700C86637</string>
			<key>isa</key>
			<string>PBXBuildFile</string>
		</dict>
		<key>6C7B9D2219E72DC700C86637</key>
		<dict>
			<key>fileRef</key>
			<string>6C7B9D1C19E72DC700C86637</string>
			<key>isa</key>
			<string>PBXBuildFile</string>
		</dict>
		<key>6C7B9D2319E72DC700C86637</key>
		<dict>
			<key>fileRef</key>
			<string>6C7B9D1E19E72DC700C86637</string>
			<key>isa</key>
			<string>PBXBuildFile</string>
		</dict>
		<key>6C7B9D2419E72DC700C86637</key>
		<dict>
			<key>fileRef</key>
			<string>6C7B9D2019E72DC700C86637</string>
			<key>isa</key>
			<string>PBXBuildFile</string>
		</dict>
		<key>6C7B9D2519E7303300C86637</key>
		<dict>
			<key>children</key>
			<array>
				<string>6C7B9D2919E732AD00C86637</string>
				<string>6C7B9D2A19E732AD00C86637</string>
				<string>6C7B9D3A19E7386D00C86637</string>
				<string>6C7B9D3B19E7386D00C86637</string>
				<string>6C7B9D2619E7304400C86637</string>
				<string>6C7B9D2719E7304400C86637</string>
			</array>
			<key>isa</key>
			<string>PBXGroup</string>
			<key>name</key>
			<string>MainControllers</string>
			<key>sourceTree</key>
			<string>&lt;group&gt;</string>
		</dict>
		<key>6C7B9D2619E7304400C86637</key>
		<dict>
			<key>fileEncoding</key>
			<string>4</string>
			<key>isa</key>
			<string>PBXFileReference</string>
			<key>lastKnownFileType</key>
			<string>sourcecode.c.h</string>
			<key>path</key>
			<string>MutableTableViewSetupHelper.h</string>
			<key>sourceTree</key>
			<string>&lt;group&gt;</string>
		</dict>
		<key>6C7B9D2719E7304400C86637</key>
		<dict>
			<key>fileEncoding</key>
			<string>4</string>
			<key>isa</key>
			<string>PBXFileReference</string>
			<key>lastKnownFileType</key>
			<string>sourcecode.c.objc</string>
			<key>path</key>
			<string>MutableTableViewSetupHelper.m</string>
			<key>sourceTree</key>
			<string>&lt;group&gt;</string>
		</dict>
		<key>6C7B9D2819E7304400C86637</key>
		<dict>
			<key>fileRef</key>
			<string>6C7B9D2719E7304400C86637</string>
			<key>isa</key>
			<string>PBXBuildFile</string>
		</dict>
		<key>6C7B9D2919E732AD00C86637</key>
		<dict>
			<key>fileEncoding</key>
			<string>4</string>
			<key>isa</key>
			<string>PBXFileReference</string>
			<key>lastKnownFileType</key>
			<string>sourcecode.c.h</string>
			<key>path</key>
			<string>MutableDataCellViewControllerTableViewController.h</string>
			<key>sourceTree</key>
			<string>&lt;group&gt;</string>
		</dict>
		<key>6C7B9D2A19E732AD00C86637</key>
		<dict>
			<key>fileEncoding</key>
			<string>4</string>
			<key>isa</key>
			<string>PBXFileReference</string>
			<key>lastKnownFileType</key>
			<string>sourcecode.c.objc</string>
			<key>path</key>
			<string>MutableDataCellViewControllerTableViewController.m</string>
			<key>sourceTree</key>
			<string>&lt;group&gt;</string>
		</dict>
		<key>6C7B9D2B19E732AD00C86637</key>
		<dict>
			<key>fileRef</key>
			<string>6C7B9D2A19E732AD00C86637</string>
			<key>isa</key>
			<string>PBXBuildFile</string>
		</dict>
		<key>6C7B9D2C19E7352100C86637</key>
		<dict>
			<key>isa</key>
			<string>PBXFileReference</string>
			<key>lastKnownFileType</key>
			<string>wrapper.framework</string>
			<key>name</key>
			<string>UIKit.framework</string>
			<key>path</key>
			<string>System/Library/Frameworks/UIKit.framework</string>
			<key>sourceTree</key>
			<string>SDKROOT</string>
		</dict>
		<key>6C7B9D2D19E7352100C86637</key>
		<dict>
			<key>fileRef</key>
			<string>6C7B9D2C19E7352100C86637</string>
			<key>isa</key>
			<string>PBXBuildFile</string>
		</dict>
		<key>6C7B9D2E19E735D600C86637</key>
		<dict>
			<key>isa</key>
			<string>PBXFileReference</string>
			<key>lastKnownFileType</key>
			<string>wrapper.framework</string>
			<key>name</key>
			<string>CoreData.framework</string>
			<key>path</key>
			<string>System/Library/Frameworks/CoreData.framework</string>
			<key>sourceTree</key>
			<string>SDKROOT</string>
		</dict>
		<key>6C7B9D2F19E735D600C86637</key>
		<dict>
			<key>fileRef</key>
			<string>6C7B9D2E19E735D600C86637</string>
			<key>isa</key>
			<string>PBXBuildFile</string>
		</dict>
		<key>6C7B9D3019E7365000C86637</key>
		<dict>
			<key>children</key>
			<array>
				<string>6C7B9D3119E7369A00C86637</string>
				<string>6C7B9D3219E7369A00C86637</string>
				<string>6C7B9D3319E7369A00C86637</string>
				<string>6C7B9D3419E7369A00C86637</string>
				<string>6C7B9CFC19E72D4600C86637</string>
				<string>6C7B9CFD19E72D4600C86637</string>
			</array>
			<key>isa</key>
			<string>PBXGroup</string>
			<key>name</key>
			<string>Test Files</string>
			<key>sourceTree</key>
			<string>&lt;group&gt;</string>
		</dict>
		<key>6C7B9D3119E7369A00C86637</key>
		<dict>
			<key>fileEncoding</key>
			<string>4</string>
			<key>isa</key>
			<string>PBXFileReference</string>
			<key>lastKnownFileType</key>
			<string>sourcecode.c.h</string>
			<key>path</key>
			<string>ResultSelectionController.h</string>
			<key>sourceTree</key>
			<string>&lt;group&gt;</string>
		</dict>
		<key>6C7B9D3219E7369A00C86637</key>
		<dict>
			<key>fileEncoding</key>
			<string>4</string>
			<key>isa</key>
			<string>PBXFileReference</string>
			<key>lastKnownFileType</key>
			<string>sourcecode.c.objc</string>
			<key>path</key>
			<string>ResultSelectionController.m</string>
			<key>sourceTree</key>
			<string>&lt;group&gt;</string>
		</dict>
		<key>6C7B9D3319E7369A00C86637</key>
		<dict>
			<key>fileEncoding</key>
			<string>4</string>
			<key>isa</key>
			<string>PBXFileReference</string>
			<key>lastKnownFileType</key>
			<string>sourcecode.c.h</string>
			<key>path</key>
			<string>MainTableViewControler.h</string>
			<key>sourceTree</key>
			<string>&lt;group&gt;</string>
		</dict>
		<key>6C7B9D3419E7369A00C86637</key>
		<dict>
			<key>fileEncoding</key>
			<string>4</string>
			<key>isa</key>
			<string>PBXFileReference</string>
			<key>lastKnownFileType</key>
			<string>sourcecode.c.objc</string>
			<key>path</key>
			<string>MainTableViewControler.m</string>
			<key>sourceTree</key>
			<string>&lt;group&gt;</string>
		</dict>
		<key>6C7B9D3519E7369A00C86637</key>
		<dict>
			<key>fileRef</key>
			<string>6C7B9D3219E7369A00C86637</string>
			<key>isa</key>
			<string>PBXBuildFile</string>
		</dict>
		<key>6C7B9D3619E7369A00C86637</key>
		<dict>
			<key>fileRef</key>
			<string>6C7B9D3419E7369A00C86637</string>
			<key>isa</key>
			<string>PBXBuildFile</string>
		</dict>
		<key>6C7B9D3A19E7386D00C86637</key>
		<dict>
			<key>fileEncoding</key>
			<string>4</string>
			<key>isa</key>
			<string>PBXFileReference</string>
			<key>lastKnownFileType</key>
			<string>sourcecode.c.h</string>
			<key>path</key>
			<string>MutableTableViewCellManager.h</string>
			<key>sourceTree</key>
			<string>&lt;group&gt;</string>
		</dict>
		<key>6C7B9D3B19E7386D00C86637</key>
		<dict>
			<key>fileEncoding</key>
			<string>4</string>
			<key>isa</key>
			<string>PBXFileReference</string>
			<key>lastKnownFileType</key>
			<string>sourcecode.c.objc</string>
			<key>path</key>
			<string>MutableTableViewCellManager.m</string>
			<key>sourceTree</key>
			<string>&lt;group&gt;</string>
		</dict>
		<key>6C7B9D3C19E7386D00C86637</key>
		<dict>
			<key>fileRef</key>
			<string>6C7B9D3B19E7386D00C86637</string>
			<key>isa</key>
			<string>PBXBuildFile</string>
		</dict>
		<key>6CBA46FB19E755C100EF8861</key>
		<dict>
			<key>buildActionMask</key>
			<string>2147483647</string>
			<key>dstPath</key>
			<string>include</string>
			<key>dstSubfolderSpec</key>
			<string>16</string>
			<key>files</key>
			<array/>
			<key>isa</key>
			<string>PBXCopyFilesBuildPhase</string>
			<key>runOnlyForDeploymentPostprocessing</key>
			<string>0</string>
		</dict>
		<key>6CBA46FC19E7566100EF8861</key>
		<dict>
			<key>buildActionMask</key>
			<string>2147483647</string>
			<key>files</key>
			<array/>
			<key>isa</key>
			<string>PBXSourcesBuildPhase</string>
			<key>runOnlyForDeploymentPostprocessing</key>
			<string>0</string>
		</dict>
		<key>6CBA46FD19E7566100EF8861</key>
		<dict>
			<key>buildActionMask</key>
			<string>2147483647</string>
			<key>files</key>
			<array/>
			<key>isa</key>
			<string>PBXFrameworksBuildPhase</string>
			<key>runOnlyForDeploymentPostprocessing</key>
			<string>0</string>
		</dict>
		<key>6CBA46FE19E7566100EF8861</key>
		<dict>
			<key>buildActionMask</key>
			<string>2147483647</string>
			<key>files</key>
			<array>
				<string>6CBA470719E756DF00EF8861</string>
				<string>6CBA470819E756DF00EF8861</string>
				<string>6CBA470919E756DF00EF8861</string>
				<string>6CBA470A19E756DF00EF8861</string>
				<string>6CBA470B19E756DF00EF8861</string>
				<string>6CBA470C19E756DF00EF8861</string>
				<string>6CBA470D19E756DF00EF8861</string>
				<string>6CBA470E19E756DF00EF8861</string>
			</array>
			<key>isa</key>
			<string>PBXResourcesBuildPhase</string>
			<key>runOnlyForDeploymentPostprocessing</key>
			<string>0</string>
		</dict>
		<key>6CBA46FF19E7566100EF8861</key>
		<dict>
			<key>buildConfigurationList</key>
			<string>6CBA470419E7566100EF8861</string>
			<key>buildPhases</key>
			<array>
				<string>6CBA46FC19E7566100EF8861</string>
				<string>6CBA46FD19E7566100EF8861</string>
				<string>6CBA46FE19E7566100EF8861</string>
			</array>
			<key>buildRules</key>
			<array/>
			<key>dependencies</key>
			<array/>
			<key>isa</key>
			<string>PBXNativeTarget</string>
			<key>name</key>
			<string>DynamicTableXibs</string>
			<key>productName</key>
			<string>DynamicTableXibs</string>
			<key>productReference</key>
			<string>6CBA470019E7566100EF8861</string>
			<key>productType</key>
			<string>com.apple.product-type.bundle</string>
		</dict>
		<key>6CBA470019E7566100EF8861</key>
		<dict>
			<key>explicitFileType</key>
			<string>wrapper.cfbundle</string>
			<key>includeInIndex</key>
			<string>0</string>
			<key>isa</key>
			<string>PBXFileReference</string>
			<key>path</key>
			<string>DynamicTableXibs.bundle</string>
			<key>sourceTree</key>
			<string>BUILT_PRODUCTS_DIR</string>
		</dict>
		<key>6CBA470119E7566100EF8861</key>
		<dict>
			<key>children</key>
			<array>
				<string>6CBA470219E7566100EF8861</string>
			</array>
			<key>isa</key>
			<string>PBXGroup</string>
			<key>path</key>
			<string>DynamicTableXibs</string>
			<key>sourceTree</key>
			<string>&lt;group&gt;</string>
		</dict>
		<key>6CBA470219E7566100EF8861</key>
		<dict>
			<key>children</key>
			<array>
				<string>6CBA470319E7566100EF8861</string>
			</array>
			<key>isa</key>
			<string>PBXGroup</string>
			<key>name</key>
			<string>Supporting Files</string>
			<key>sourceTree</key>
			<string>&lt;group&gt;</string>
		</dict>
		<key>6CBA470319E7566100EF8861</key>
		<dict>
			<key>isa</key>
			<string>PBXFileReference</string>
			<key>lastKnownFileType</key>
			<string>text.plist.xml</string>
			<key>path</key>
			<string>Info.plist</string>
			<key>sourceTree</key>
			<string>&lt;group&gt;</string>
		</dict>
		<key>6CBA470419E7566100EF8861</key>
		<dict>
			<key>buildConfigurations</key>
			<array>
				<string>6CBA470519E7566100EF8861</string>
				<string>6CBA470619E7566100EF8861</string>
			</array>
			<key>defaultConfigurationIsVisible</key>
			<string>0</string>
			<key>isa</key>
			<string>XCConfigurationList</string>
		</dict>
		<key>6CBA470519E7566100EF8861</key>
		<dict>
			<key>buildSettings</key>
			<dict>
				<key>COMBINE_HIDPI_IMAGES</key>
				<string>YES</string>
				<key>GCC_PREPROCESSOR_DEFINITIONS</key>
				<array>
					<string>DEBUG=1</string>
					<string>$(inherited)</string>
				</array>
				<key>INFOPLIST_FILE</key>
				<string>DynamicTableXibs/Info.plist</string>
				<key>INSTALL_PATH</key>
				<string>$(LOCAL_LIBRARY_DIR)/Bundles</string>
				<key>MACOSX_DEPLOYMENT_TARGET</key>
				<string>10.9</string>
				<key>PRODUCT_NAME</key>
				<string>$(TARGET_NAME)</string>
				<key>SDKROOT</key>
				<string>iphoneos</string>
				<key>SKIP_INSTALL</key>
				<string>YES</string>
				<key>WRAPPER_EXTENSION</key>
				<string>bundle</string>
			</dict>
			<key>isa</key>
			<string>XCBuildConfiguration</string>
			<key>name</key>
			<string>Debug</string>
		</dict>
		<key>6CBA470619E7566100EF8861</key>
		<dict>
			<key>buildSettings</key>
			<dict>
				<key>COMBINE_HIDPI_IMAGES</key>
				<string>YES</string>
				<key>DEBUG_INFORMATION_FORMAT</key>
				<string>dwarf-with-dsym</string>
				<key>INFOPLIST_FILE</key>
				<string>DynamicTableXibs/Info.plist</string>
				<key>INSTALL_PATH</key>
				<string>$(LOCAL_LIBRARY_DIR)/Bundles</string>
				<key>MACOSX_DEPLOYMENT_TARGET</key>
				<string>10.9</string>
				<key>PRODUCT_NAME</key>
				<string>$(TARGET_NAME)</string>
				<key>SDKROOT</key>
				<string>iphoneos</string>
				<key>SKIP_INSTALL</key>
				<string>YES</string>
				<key>WRAPPER_EXTENSION</key>
				<string>bundle</string>
			</dict>
			<key>isa</key>
			<string>XCBuildConfiguration</string>
			<key>name</key>
			<string>Release</string>
		</dict>
		<key>6CBA470719E756DF00EF8861</key>
		<dict>
			<key>fileRef</key>
			<string>6C7B9CD819E72D1200C86637</string>
			<key>isa</key>
			<string>PBXBuildFile</string>
		</dict>
		<key>6CBA470819E756DF00EF8861</key>
		<dict>
			<key>fileRef</key>
			<string>6C7B9CDB19E72D1200C86637</string>
			<key>isa</key>
			<string>PBXBuildFile</string>
		</dict>
		<key>6CBA470919E756DF00EF8861</key>
		<dict>
			<key>fileRef</key>
			<string>6C7B9CDE19E72D1200C86637</string>
			<key>isa</key>
			<string>PBXBuildFile</string>
		</dict>
		<key>6CBA470A19E756DF00EF8861</key>
		<dict>
			<key>fileRef</key>
			<string>6C7B9CE119E72D1200C86637</string>
			<key>isa</key>
			<string>PBXBuildFile</string>
		</dict>
		<key>6CBA470B19E756DF00EF8861</key>
		<dict>
			<key>fileRef</key>
			<string>6C7B9CE419E72D1300C86637</string>
			<key>isa</key>
			<string>PBXBuildFile</string>
		</dict>
		<key>6CBA470C19E756DF00EF8861</key>
		<dict>
			<key>fileRef</key>
			<string>6C7B9CE719E72D1300C86637</string>
			<key>isa</key>
			<string>PBXBuildFile</string>
		</dict>
		<key>6CBA470D19E756DF00EF8861</key>
		<dict>
			<key>fileRef</key>
			<string>6C7B9CEC19E72D1300C86637</string>
			<key>isa</key>
			<string>PBXBuildFile</string>
		</dict>
		<key>6CBA470E19E756DF00EF8861</key>
		<dict>
			<key>fileRef</key>
			<string>6C7B9CEF19E72D1300C86637</string>
			<key>isa</key>
			<string>PBXBuildFile</string>
		</dict>
		<key>8CE5960D3BCCF624D49FCAAA</key>
		<dict>
			<key>includeInIndex</key>
			<string>1</string>
			<key>isa</key>
			<string>PBXFileReference</string>
			<key>lastKnownFileType</key>
			<string>text.xcconfig</string>
			<key>name</key>
			<string>Pods-DynamicTableGenerator.debug.xcconfig</string>
			<key>path</key>
			<string>Pods/Target Support Files/Pods-DynamicTableGenerator/Pods-DynamicTableGenerator.debug.xcconfig</string>
			<key>sourceTree</key>
			<string>&lt;group&gt;</string>
		</dict>
		<key>DAEAA8757C8B446F8D10E45F</key>
		<dict>
			<key>explicitFileType</key>
			<string>archive.ar</string>
			<key>includeInIndex</key>
			<string>0</string>
			<key>isa</key>
			<string>PBXFileReference</string>
			<key>path</key>
			<string>libPods-DynamicTableGenerator.a</string>
			<key>sourceTree</key>
			<string>BUILT_PRODUCTS_DIR</string>
		</dict>
		<key>EC5972F758B4B74B733E38BF</key>
		<dict>
			<key>includeInIndex</key>
			<string>1</string>
			<key>isa</key>
			<string>PBXFileReference</string>
			<key>lastKnownFileType</key>
			<string>text.xcconfig</string>
			<key>name</key>
			<string>Pods-DynamicTableGenerator.release.xcconfig</string>
			<key>path</key>
			<string>Pods/Target Support Files/Pods-DynamicTableGenerator/Pods-DynamicTableGenerator.release.xcconfig</string>
			<key>sourceTree</key>
			<string>&lt;group&gt;</string>
		</dict>
		<key>F2336974B683F9DD961504C7</key>
		<dict>
			<key>children</key>
			<array>
				<string>8CE5960D3BCCF624D49FCAAA</string>
				<string>EC5972F758B4B74B733E38BF</string>
			</array>
			<key>isa</key>
			<string>PBXGroup</string>
			<key>name</key>
			<string>Pods</string>
			<key>sourceTree</key>
			<string>&lt;group&gt;</string>
		</dict>
		<key>F31CCC19F5824FE09FDD57C5</key>
		<dict>
			<key>buildActionMask</key>
			<string>2147483647</string>
			<key>files</key>
			<array/>
			<key>inputPaths</key>
			<array/>
			<key>isa</key>
			<string>PBXShellScriptBuildPhase</string>
			<key>name</key>
			<string>Check Pods Manifest.lock</string>
			<key>outputPaths</key>
			<array/>
			<key>runOnlyForDeploymentPostprocessing</key>
			<string>0</string>
			<key>shellPath</key>
			<string>/bin/sh</string>
			<key>shellScript</key>
			<string>diff "${PODS_ROOT}/../Podfile.lock" "${PODS_ROOT}/Manifest.lock" &gt; /dev/null
if [[ $? != 0 ]] ; then
    cat &lt;&lt; EOM
error: The sandbox is not in sync with the Podfile.lock. Run 'pod install' or update your CocoaPods installation.
EOM
    exit 1
fi
</string>
			<key>showEnvVarsInLog</key>
			<string>0</string>
		</dict>
	</dict>
	<key>rootObject</key>
	<string>6C7B9CB419E7256400C86637</string>
</dict>
</plist>
