// !$*UTF8*$!
{
	archiveVersion = 1;
	classes = {
	};
	objectVersion = 46;
	objects = {

/* Begin PBXBuildFile section */
		5923702A754745FEB1F27B3E /* libPods-DynamicTableGenerator.a in Frameworks */ = {isa = PBXBuildFile; fileRef = DAEAA8757C8B446F8D10E45F /* libPods-DynamicTableGenerator.a */; };
		6C17BDD61AA6544500DB2338 /* ButtonCell.m in Sources */ = {isa = PBXBuildFile; fileRef = 6C17BDD51AA6544500DB2338 /* ButtonCell.m */; };
		6C17BDD91AA654F900DB2338 /* ButtonOptionCellInput.m in Sources */ = {isa = PBXBuildFile; fileRef = 6C17BDD81AA654F900DB2338 /* ButtonOptionCellInput.m */; };
		6C17BDDC1AA659E100DB2338 /* OptionPickerCellInput.m in Sources */ = {isa = PBXBuildFile; fileRef = 6C17BDDB1AA659E100DB2338 /* OptionPickerCellInput.m */; };
		6C7B9D1019E72D9E00C86637 /* BaseOptionCellInput.m in Sources */ = {isa = PBXBuildFile; fileRef = 6C7B9D0119E72D9E00C86637 /* BaseOptionCellInput.m */; };
		6C7B9D1119E72D9E00C86637 /* SegmentOptionCellInput.m in Sources */ = {isa = PBXBuildFile; fileRef = 6C7B9D0319E72D9E00C86637 /* SegmentOptionCellInput.m */; };
		6C7B9D1219E72D9E00C86637 /* SliderOptionCellInput.m in Sources */ = {isa = PBXBuildFile; fileRef = 6C7B9D0519E72D9E00C86637 /* SliderOptionCellInput.m */; };
		6C7B9D1319E72D9E00C86637 /* DateOptionCellInput.m in Sources */ = {isa = PBXBuildFile; fileRef = 6C7B9D0719E72D9E00C86637 /* DateOptionCellInput.m */; };
		6C7B9D1419E72D9E00C86637 /* TextOptionCellInput.m in Sources */ = {isa = PBXBuildFile; fileRef = 6C7B9D0919E72D9E00C86637 /* TextOptionCellInput.m */; };
		6C7B9D1519E72D9E00C86637 /* NumberOptionCellInput.m in Sources */ = {isa = PBXBuildFile; fileRef = 6C7B9D0B19E72D9E00C86637 /* NumberOptionCellInput.m */; };
		6C7B9D1719E72D9E00C86637 /* ActionSheetOptionCellInput.m in Sources */ = {isa = PBXBuildFile; fileRef = 6C7B9D0F19E72D9E00C86637 /* ActionSheetOptionCellInput.m */; };
		6C7B9D2119E72DC700C86637 /* PropertyUtil.m in Sources */ = {isa = PBXBuildFile; fileRef = 6C7B9D1A19E72DC700C86637 /* PropertyUtil.m */; };
		6C7B9D2819E7304400C86637 /* DynamicTableViewObjectParser.m in Sources */ = {isa = PBXBuildFile; fileRef = 6C7B9D2719E7304400C86637 /* DynamicTableViewObjectParser.m */; };
		6C7B9D2B19E732AD00C86637 /* DynamicTableViewController.m in Sources */ = {isa = PBXBuildFile; fileRef = 6C7B9D2A19E732AD00C86637 /* DynamicTableViewController.m */; };
		6C7B9D2D19E7352100C86637 /* UIKit.framework in Frameworks */ = {isa = PBXBuildFile; fileRef = 6C7B9D2C19E7352100C86637 /* UIKit.framework */; };
		6C7B9D2F19E735D600C86637 /* CoreData.framework in Frameworks */ = {isa = PBXBuildFile; fileRef = 6C7B9D2E19E735D600C86637 /* CoreData.framework */; };
		6C7B9D3519E7369A00C86637 /* DynamicTableViewCellOptionsPickerViewController.m in Sources */ = {isa = PBXBuildFile; fileRef = 6C7B9D3219E7369A00C86637 /* DynamicTableViewCellOptionsPickerViewController.m */; };
		6C7B9D3C19E7386D00C86637 /* DynamicTableViewCellManager.m in Sources */ = {isa = PBXBuildFile; fileRef = 6C7B9D3B19E7386D00C86637 /* DynamicTableViewCellManager.m */; };
		F64EE6D01A787DE400C5683E /* SimpleActionSheetCell.m in Sources */ = {isa = PBXBuildFile; fileRef = F64EE6CF1A787DE400C5683E /* SimpleActionSheetCell.m */; };
		F64EE6D31A787F9100C5683E /* SimpleActionSheetOptionCellInput.m in Sources */ = {isa = PBXBuildFile; fileRef = F64EE6D21A787F9100C5683E /* SimpleActionSheetOptionCellInput.m */; };
		F650D15E1A19C2F5008014FA /* TableViewNavigationBar.m in Sources */ = {isa = PBXBuildFile; fileRef = F650D15D1A19C2F5008014FA /* TableViewNavigationBar.m */; };
		F654ECFC1A427E7A002074DD /* StepperCell.m in Sources */ = {isa = PBXBuildFile; fileRef = F654ECFB1A427E7A002074DD /* StepperCell.m */; };
		F654ECFF1A42801E002074DD /* StepperOptionCellInput.m in Sources */ = {isa = PBXBuildFile; fileRef = F654ECFE1A42801E002074DD /* StepperOptionCellInput.m */; };
		F66F806E1A4687C50050A46E /* SegueCell.m in Sources */ = {isa = PBXBuildFile; fileRef = F66F806D1A4687C50050A46E /* SegueCell.m */; };
		F66F80711A46893A0050A46E /* SegueOptionCellInput.m in Sources */ = {isa = PBXBuildFile; fileRef = F66F80701A46893A0050A46E /* SegueOptionCellInput.m */; };
		F67496341A1696800060ECA3 /* BaseCell.m in Sources */ = {isa = PBXBuildFile; fileRef = F67496331A1696800060ECA3 /* BaseCell.m */; };
		F67496371A16989D0060ECA3 /* SwitchCell.m in Sources */ = {isa = PBXBuildFile; fileRef = F67496361A16989D0060ECA3 /* SwitchCell.m */; };
		F674963A1A169D570060ECA3 /* DateCell.m in Sources */ = {isa = PBXBuildFile; fileRef = F67496391A169D570060ECA3 /* DateCell.m */; };
		F674963D1A169DA20060ECA3 /* TextCell.m in Sources */ = {isa = PBXBuildFile; fileRef = F674963C1A169DA20060ECA3 /* TextCell.m */; };
		F67496401A169DB10060ECA3 /* NumberCell.m in Sources */ = {isa = PBXBuildFile; fileRef = F674963F1A169DB10060ECA3 /* NumberCell.m */; };
		F67496431A169DBA0060ECA3 /* SliderCell.m in Sources */ = {isa = PBXBuildFile; fileRef = F67496421A169DBA0060ECA3 /* SliderCell.m */; };
		F67496461A169DEE0060ECA3 /* SegmentCell.m in Sources */ = {isa = PBXBuildFile; fileRef = F67496451A169DEE0060ECA3 /* SegmentCell.m */; };
		F6AFFCFA1A9D434100F51A6A /* InAppPurchaseCell.m in Sources */ = {isa = PBXBuildFile; fileRef = F6AFFCF91A9D434100F51A6A /* InAppPurchaseCell.m */; };
		F6AFFCFD1A9D45B100F51A6A /* PurchaseOptionCellInput.m in Sources */ = {isa = PBXBuildFile; fileRef = F6AFFCFC1A9D45B100F51A6A /* PurchaseOptionCellInput.m */; };
		F6B75F011A1BDE4C00099557 /* OptionCell.m in Sources */ = {isa = PBXBuildFile; fileRef = F6B75F001A1BDE4C00099557 /* OptionCell.m */; };
		F6BF95771A81510C00D1955E /* WebLinkCell.m in Sources */ = {isa = PBXBuildFile; fileRef = F6BF95761A81510C00D1955E /* WebLinkCell.m */; };
		F6BF957A1A815CD600D1955E /* WebLinkOptionCellInput.m in Sources */ = {isa = PBXBuildFile; fileRef = F6BF95791A815CD600D1955E /* WebLinkOptionCellInput.m */; };
		F6C099321A16D39F004BBEAE /* SwitchOptionCellInput.m in Sources */ = {isa = PBXBuildFile; fileRef = F6C099311A16D39F004BBEAE /* SwitchOptionCellInput.m */; };
/* End PBXBuildFile section */

/* Begin PBXCopyFilesBuildPhase section */
		6C7B9CBA19E7256400C86637 /* CopyFiles */ = {
			isa = PBXCopyFilesBuildPhase;
			buildActionMask = 2147483647;
			dstPath = "include/$(PRODUCT_NAME)";
			dstSubfolderSpec = 16;
			files = (
			);
			runOnlyForDeploymentPostprocessing = 0;
		};
		6CBA46FB19E755C100EF8861 /* CopyFiles */ = {
			isa = PBXCopyFilesBuildPhase;
			buildActionMask = 2147483647;
			dstPath = include;
			dstSubfolderSpec = 16;
			files = (
			);
			runOnlyForDeploymentPostprocessing = 0;
		};
/* End PBXCopyFilesBuildPhase section */

/* Begin PBXFileReference section */
		6C17BDD41AA6544500DB2338 /* ButtonCell.h */ = {isa = PBXFileReference; fileEncoding = 4; lastKnownFileType = sourcecode.c.h; path = ButtonCell.h; sourceTree = "<group>"; };
		6C17BDD51AA6544500DB2338 /* ButtonCell.m */ = {isa = PBXFileReference; fileEncoding = 4; lastKnownFileType = sourcecode.c.objc; path = ButtonCell.m; sourceTree = "<group>"; };
		6C17BDD71AA654F900DB2338 /* ButtonOptionCellInput.h */ = {isa = PBXFileReference; fileEncoding = 4; lastKnownFileType = sourcecode.c.h; path = ButtonOptionCellInput.h; sourceTree = "<group>"; };
		6C17BDD81AA654F900DB2338 /* ButtonOptionCellInput.m */ = {isa = PBXFileReference; fileEncoding = 4; lastKnownFileType = sourcecode.c.objc; path = ButtonOptionCellInput.m; sourceTree = "<group>"; };
		6C17BDDA1AA659E100DB2338 /* OptionPickerCellInput.h */ = {isa = PBXFileReference; fileEncoding = 4; lastKnownFileType = sourcecode.c.h; path = OptionPickerCellInput.h; sourceTree = "<group>"; };
		6C17BDDB1AA659E100DB2338 /* OptionPickerCellInput.m */ = {isa = PBXFileReference; fileEncoding = 4; lastKnownFileType = sourcecode.c.objc; path = OptionPickerCellInput.m; sourceTree = "<group>"; };
		6C7B9CBC19E7256400C86637 /* libDynamicTableGenerator.a */ = {isa = PBXFileReference; explicitFileType = archive.ar; includeInIndex = 0; path = libDynamicTableGenerator.a; sourceTree = BUILT_PRODUCTS_DIR; };
		6C7B9CC719E7256400C86637 /* DynamicTableGeneratorTests.xctest */ = {isa = PBXFileReference; explicitFileType = wrapper.cfbundle; includeInIndex = 0; path = DynamicTableGeneratorTests.xctest; sourceTree = BUILT_PRODUCTS_DIR; };
		6C7B9CCA19E7256400C86637 /* Info.plist */ = {isa = PBXFileReference; lastKnownFileType = text.plist.xml; path = Info.plist; sourceTree = "<group>"; };
		6C7B9CFB19E72D3A00C86637 /* TableCellEditableProtocol.h */ = {isa = PBXFileReference; lastKnownFileType = sourcecode.c.h; path = TableCellEditableProtocol.h; sourceTree = "<group>"; };
		6C7B9D0019E72D9E00C86637 /* BaseOptionCellInput.h */ = {isa = PBXFileReference; fileEncoding = 4; lastKnownFileType = sourcecode.c.h; path = BaseOptionCellInput.h; sourceTree = "<group>"; };
		6C7B9D0119E72D9E00C86637 /* BaseOptionCellInput.m */ = {isa = PBXFileReference; fileEncoding = 4; lastKnownFileType = sourcecode.c.objc; path = BaseOptionCellInput.m; sourceTree = "<group>"; };
		6C7B9D0219E72D9E00C86637 /* SegmentOptionCellInput.h */ = {isa = PBXFileReference; fileEncoding = 4; lastKnownFileType = sourcecode.c.h; path = SegmentOptionCellInput.h; sourceTree = "<group>"; };
		6C7B9D0319E72D9E00C86637 /* SegmentOptionCellInput.m */ = {isa = PBXFileReference; fileEncoding = 4; lastKnownFileType = sourcecode.c.objc; path = SegmentOptionCellInput.m; sourceTree = "<group>"; };
		6C7B9D0419E72D9E00C86637 /* SliderOptionCellInput.h */ = {isa = PBXFileReference; fileEncoding = 4; lastKnownFileType = sourcecode.c.h; path = SliderOptionCellInput.h; sourceTree = "<group>"; };
		6C7B9D0519E72D9E00C86637 /* SliderOptionCellInput.m */ = {isa = PBXFileReference; fileEncoding = 4; lastKnownFileType = sourcecode.c.objc; path = SliderOptionCellInput.m; sourceTree = "<group>"; };
		6C7B9D0619E72D9E00C86637 /* DateOptionCellInput.h */ = {isa = PBXFileReference; fileEncoding = 4; lastKnownFileType = sourcecode.c.h; path = DateOptionCellInput.h; sourceTree = "<group>"; };
		6C7B9D0719E72D9E00C86637 /* DateOptionCellInput.m */ = {isa = PBXFileReference; fileEncoding = 4; lastKnownFileType = sourcecode.c.objc; path = DateOptionCellInput.m; sourceTree = "<group>"; };
		6C7B9D0819E72D9E00C86637 /* TextOptionCellInput.h */ = {isa = PBXFileReference; fileEncoding = 4; lastKnownFileType = sourcecode.c.h; path = TextOptionCellInput.h; sourceTree = "<group>"; };
		6C7B9D0919E72D9E00C86637 /* TextOptionCellInput.m */ = {isa = PBXFileReference; fileEncoding = 4; lastKnownFileType = sourcecode.c.objc; path = TextOptionCellInput.m; sourceTree = "<group>"; };
		6C7B9D0A19E72D9E00C86637 /* NumberOptionCellInput.h */ = {isa = PBXFileReference; fileEncoding = 4; lastKnownFileType = sourcecode.c.h; path = NumberOptionCellInput.h; sourceTree = "<group>"; };
		6C7B9D0B19E72D9E00C86637 /* NumberOptionCellInput.m */ = {isa = PBXFileReference; fileEncoding = 4; lastKnownFileType = sourcecode.c.objc; path = NumberOptionCellInput.m; sourceTree = "<group>"; };
		6C7B9D0E19E72D9E00C86637 /* ActionSheetOptionCellInput.h */ = {isa = PBXFileReference; fileEncoding = 4; lastKnownFileType = sourcecode.c.h; path = ActionSheetOptionCellInput.h; sourceTree = "<group>"; };
		6C7B9D0F19E72D9E00C86637 /* ActionSheetOptionCellInput.m */ = {isa = PBXFileReference; fileEncoding = 4; lastKnownFileType = sourcecode.c.objc; path = ActionSheetOptionCellInput.m; sourceTree = "<group>"; };
		6C7B9D1919E72DC700C86637 /* PropertyUtil.h */ = {isa = PBXFileReference; fileEncoding = 4; lastKnownFileType = sourcecode.c.h; path = PropertyUtil.h; sourceTree = "<group>"; };
		6C7B9D1A19E72DC700C86637 /* PropertyUtil.m */ = {isa = PBXFileReference; fileEncoding = 4; lastKnownFileType = sourcecode.c.objc; path = PropertyUtil.m; sourceTree = "<group>"; };
		6C7B9D2619E7304400C86637 /* DynamicTableViewObjectParser.h */ = {isa = PBXFileReference; fileEncoding = 4; lastKnownFileType = sourcecode.c.h; path = DynamicTableViewObjectParser.h; sourceTree = "<group>"; };
		6C7B9D2719E7304400C86637 /* DynamicTableViewObjectParser.m */ = {isa = PBXFileReference; fileEncoding = 4; lastKnownFileType = sourcecode.c.objc; path = DynamicTableViewObjectParser.m; sourceTree = "<group>"; };
		6C7B9D2919E732AD00C86637 /* DynamicTableViewController.h */ = {isa = PBXFileReference; fileEncoding = 4; lastKnownFileType = sourcecode.c.h; path = DynamicTableViewController.h; sourceTree = "<group>"; };
		6C7B9D2A19E732AD00C86637 /* DynamicTableViewController.m */ = {isa = PBXFileReference; fileEncoding = 4; lastKnownFileType = sourcecode.c.objc; path = DynamicTableViewController.m; sourceTree = "<group>"; };
		6C7B9D2C19E7352100C86637 /* UIKit.framework */ = {isa = PBXFileReference; lastKnownFileType = wrapper.framework; name = UIKit.framework; path = System/Library/Frameworks/UIKit.framework; sourceTree = SDKROOT; };
		6C7B9D2E19E735D600C86637 /* CoreData.framework */ = {isa = PBXFileReference; lastKnownFileType = wrapper.framework; name = CoreData.framework; path = System/Library/Frameworks/CoreData.framework; sourceTree = SDKROOT; };
		6C7B9D3119E7369A00C86637 /* DynamicTableViewCellOptionsPickerViewController.h */ = {isa = PBXFileReference; fileEncoding = 4; lastKnownFileType = sourcecode.c.h; path = DynamicTableViewCellOptionsPickerViewController.h; sourceTree = "<group>"; };
		6C7B9D3219E7369A00C86637 /* DynamicTableViewCellOptionsPickerViewController.m */ = {isa = PBXFileReference; fileEncoding = 4; lastKnownFileType = sourcecode.c.objc; path = DynamicTableViewCellOptionsPickerViewController.m; sourceTree = "<group>"; };
		6C7B9D3A19E7386D00C86637 /* DynamicTableViewCellManager.h */ = {isa = PBXFileReference; fileEncoding = 4; lastKnownFileType = sourcecode.c.h; path = DynamicTableViewCellManager.h; sourceTree = "<group>"; };
		6C7B9D3B19E7386D00C86637 /* DynamicTableViewCellManager.m */ = {isa = PBXFileReference; fileEncoding = 4; lastKnownFileType = sourcecode.c.objc; path = DynamicTableViewCellManager.m; sourceTree = "<group>"; };
		6CBA470019E7566100EF8861 /* DynamicTableXibs.bundle */ = {isa = PBXFileReference; explicitFileType = wrapper.cfbundle; includeInIndex = 0; path = DynamicTableXibs.bundle; sourceTree = BUILT_PRODUCTS_DIR; };
		8CE5960D3BCCF624D49FCAAA /* Pods-DynamicTableGenerator.debug.xcconfig */ = {isa = PBXFileReference; includeInIndex = 1; lastKnownFileType = text.xcconfig; name = "Pods-DynamicTableGenerator.debug.xcconfig"; path = "Pods/Target Support Files/Pods-DynamicTableGenerator/Pods-DynamicTableGenerator.debug.xcconfig"; sourceTree = "<group>"; };
		DAEAA8757C8B446F8D10E45F /* libPods-DynamicTableGenerator.a */ = {isa = PBXFileReference; explicitFileType = archive.ar; includeInIndex = 0; path = "libPods-DynamicTableGenerator.a"; sourceTree = BUILT_PRODUCTS_DIR; };
		EC5972F758B4B74B733E38BF /* Pods-DynamicTableGenerator.release.xcconfig */ = {isa = PBXFileReference; includeInIndex = 1; lastKnownFileType = text.xcconfig; name = "Pods-DynamicTableGenerator.release.xcconfig"; path = "Pods/Target Support Files/Pods-DynamicTableGenerator/Pods-DynamicTableGenerator.release.xcconfig"; sourceTree = "<group>"; };
		F64EE6CE1A787DE400C5683E /* SimpleActionSheetCell.h */ = {isa = PBXFileReference; fileEncoding = 4; lastKnownFileType = sourcecode.c.h; path = SimpleActionSheetCell.h; sourceTree = "<group>"; };
		F64EE6CF1A787DE400C5683E /* SimpleActionSheetCell.m */ = {isa = PBXFileReference; fileEncoding = 4; lastKnownFileType = sourcecode.c.objc; path = SimpleActionSheetCell.m; sourceTree = "<group>"; };
		F64EE6D11A787F9100C5683E /* SimpleActionSheetOptionCellInput.h */ = {isa = PBXFileReference; fileEncoding = 4; lastKnownFileType = sourcecode.c.h; path = SimpleActionSheetOptionCellInput.h; sourceTree = "<group>"; };
		F64EE6D21A787F9100C5683E /* SimpleActionSheetOptionCellInput.m */ = {isa = PBXFileReference; fileEncoding = 4; lastKnownFileType = sourcecode.c.objc; path = SimpleActionSheetOptionCellInput.m; sourceTree = "<group>"; };
		F650D1591A19A365008014FA /* TableViewNavigationDelegate.h */ = {isa = PBXFileReference; fileEncoding = 4; lastKnownFileType = sourcecode.c.h; path = TableViewNavigationDelegate.h; sourceTree = "<group>"; };
		F650D15C1A19C2F5008014FA /* TableViewNavigationBar.h */ = {isa = PBXFileReference; fileEncoding = 4; lastKnownFileType = sourcecode.c.h; path = TableViewNavigationBar.h; sourceTree = "<group>"; };
		F650D15D1A19C2F5008014FA /* TableViewNavigationBar.m */ = {isa = PBXFileReference; fileEncoding = 4; lastKnownFileType = sourcecode.c.objc; path = TableViewNavigationBar.m; sourceTree = "<group>"; };
		F654ECFA1A427E7A002074DD /* StepperCell.h */ = {isa = PBXFileReference; fileEncoding = 4; lastKnownFileType = sourcecode.c.h; path = StepperCell.h; sourceTree = "<group>"; };
		F654ECFB1A427E7A002074DD /* StepperCell.m */ = {isa = PBXFileReference; fileEncoding = 4; lastKnownFileType = sourcecode.c.objc; path = StepperCell.m; sourceTree = "<group>"; };
		F654ECFD1A42801E002074DD /* StepperOptionCellInput.h */ = {isa = PBXFileReference; fileEncoding = 4; lastKnownFileType = sourcecode.c.h; path = StepperOptionCellInput.h; sourceTree = "<group>"; };
		F654ECFE1A42801E002074DD /* StepperOptionCellInput.m */ = {isa = PBXFileReference; fileEncoding = 4; lastKnownFileType = sourcecode.c.objc; path = StepperOptionCellInput.m; sourceTree = "<group>"; };
		F66F806B1A467E1E0050A46E /* DynamicTableViewCells.h */ = {isa = PBXFileReference; lastKnownFileType = sourcecode.c.h; path = DynamicTableViewCells.h; sourceTree = "<group>"; };
		F66F806C1A4687C50050A46E /* SegueCell.h */ = {isa = PBXFileReference; fileEncoding = 4; lastKnownFileType = sourcecode.c.h; path = SegueCell.h; sourceTree = "<group>"; };
		F66F806D1A4687C50050A46E /* SegueCell.m */ = {isa = PBXFileReference; fileEncoding = 4; lastKnownFileType = sourcecode.c.objc; path = SegueCell.m; sourceTree = "<group>"; };
		F66F806F1A46893A0050A46E /* SegueOptionCellInput.h */ = {isa = PBXFileReference; fileEncoding = 4; lastKnownFileType = sourcecode.c.h; path = SegueOptionCellInput.h; sourceTree = "<group>"; };
		F66F80701A46893A0050A46E /* SegueOptionCellInput.m */ = {isa = PBXFileReference; fileEncoding = 4; lastKnownFileType = sourcecode.c.objc; path = SegueOptionCellInput.m; sourceTree = "<group>"; };
		F67496321A1696800060ECA3 /* BaseCell.h */ = {isa = PBXFileReference; fileEncoding = 4; lastKnownFileType = sourcecode.c.h; path = BaseCell.h; sourceTree = "<group>"; };
		F67496331A1696800060ECA3 /* BaseCell.m */ = {isa = PBXFileReference; fileEncoding = 4; lastKnownFileType = sourcecode.c.objc; path = BaseCell.m; sourceTree = "<group>"; };
		F67496351A16989D0060ECA3 /* SwitchCell.h */ = {isa = PBXFileReference; fileEncoding = 4; lastKnownFileType = sourcecode.c.h; path = SwitchCell.h; sourceTree = "<group>"; };
		F67496361A16989D0060ECA3 /* SwitchCell.m */ = {isa = PBXFileReference; fileEncoding = 4; lastKnownFileType = sourcecode.c.objc; path = SwitchCell.m; sourceTree = "<group>"; };
		F67496381A169D570060ECA3 /* DateCell.h */ = {isa = PBXFileReference; fileEncoding = 4; lastKnownFileType = sourcecode.c.h; path = DateCell.h; sourceTree = "<group>"; };
		F67496391A169D570060ECA3 /* DateCell.m */ = {isa = PBXFileReference; fileEncoding = 4; lastKnownFileType = sourcecode.c.objc; path = DateCell.m; sourceTree = "<group>"; };
		F674963B1A169DA20060ECA3 /* TextCell.h */ = {isa = PBXFileReference; fileEncoding = 4; lastKnownFileType = sourcecode.c.h; path = TextCell.h; sourceTree = "<group>"; };
		F674963C1A169DA20060ECA3 /* TextCell.m */ = {isa = PBXFileReference; fileEncoding = 4; lastKnownFileType = sourcecode.c.objc; path = TextCell.m; sourceTree = "<group>"; };
		F674963E1A169DB10060ECA3 /* NumberCell.h */ = {isa = PBXFileReference; fileEncoding = 4; lastKnownFileType = sourcecode.c.h; path = NumberCell.h; sourceTree = "<group>"; };
		F674963F1A169DB10060ECA3 /* NumberCell.m */ = {isa = PBXFileReference; fileEncoding = 4; lastKnownFileType = sourcecode.c.objc; path = NumberCell.m; sourceTree = "<group>"; };
		F67496411A169DBA0060ECA3 /* SliderCell.h */ = {isa = PBXFileReference; fileEncoding = 4; lastKnownFileType = sourcecode.c.h; path = SliderCell.h; sourceTree = "<group>"; };
		F67496421A169DBA0060ECA3 /* SliderCell.m */ = {isa = PBXFileReference; fileEncoding = 4; lastKnownFileType = sourcecode.c.objc; path = SliderCell.m; sourceTree = "<group>"; };
		F67496441A169DEE0060ECA3 /* SegmentCell.h */ = {isa = PBXFileReference; fileEncoding = 4; lastKnownFileType = sourcecode.c.h; path = SegmentCell.h; sourceTree = "<group>"; };
		F67496451A169DEE0060ECA3 /* SegmentCell.m */ = {isa = PBXFileReference; fileEncoding = 4; lastKnownFileType = sourcecode.c.objc; path = SegmentCell.m; sourceTree = "<group>"; };
		F681A8F91A4395FE00992935 /* DynamicTableView.h */ = {isa = PBXFileReference; lastKnownFileType = sourcecode.c.h; path = DynamicTableView.h; sourceTree = "<group>"; };
		F6AFFCF81A9D434100F51A6A /* InAppPurchaseCell.h */ = {isa = PBXFileReference; fileEncoding = 4; lastKnownFileType = sourcecode.c.h; path = InAppPurchaseCell.h; sourceTree = "<group>"; };
		F6AFFCF91A9D434100F51A6A /* InAppPurchaseCell.m */ = {isa = PBXFileReference; fileEncoding = 4; lastKnownFileType = sourcecode.c.objc; path = InAppPurchaseCell.m; sourceTree = "<group>"; };
		F6AFFCFB1A9D45B100F51A6A /* PurchaseOptionCellInput.h */ = {isa = PBXFileReference; fileEncoding = 4; lastKnownFileType = sourcecode.c.h; path = PurchaseOptionCellInput.h; sourceTree = "<group>"; };
		F6AFFCFC1A9D45B100F51A6A /* PurchaseOptionCellInput.m */ = {isa = PBXFileReference; fileEncoding = 4; lastKnownFileType = sourcecode.c.objc; path = PurchaseOptionCellInput.m; sourceTree = "<group>"; };
		F6B75EFF1A1BDE4C00099557 /* OptionCell.h */ = {isa = PBXFileReference; fileEncoding = 4; lastKnownFileType = sourcecode.c.h; path = OptionCell.h; sourceTree = "<group>"; };
		F6B75F001A1BDE4C00099557 /* OptionCell.m */ = {isa = PBXFileReference; fileEncoding = 4; lastKnownFileType = sourcecode.c.objc; path = OptionCell.m; sourceTree = "<group>"; };
		F6BF66691A1AE6A600362F7C /* DynamicTableViewConstants.h */ = {isa = PBXFileReference; fileEncoding = 4; lastKnownFileType = sourcecode.c.h; path = DynamicTableViewConstants.h; sourceTree = "<group>"; };
		F6BF95751A81510C00D1955E /* WebLinkCell.h */ = {isa = PBXFileReference; fileEncoding = 4; lastKnownFileType = sourcecode.c.h; path = WebLinkCell.h; sourceTree = "<group>"; };
		F6BF95761A81510C00D1955E /* WebLinkCell.m */ = {isa = PBXFileReference; fileEncoding = 4; lastKnownFileType = sourcecode.c.objc; path = WebLinkCell.m; sourceTree = "<group>"; };
		F6BF95781A815CD600D1955E /* WebLinkOptionCellInput.h */ = {isa = PBXFileReference; fileEncoding = 4; lastKnownFileType = sourcecode.c.h; path = WebLinkOptionCellInput.h; sourceTree = "<group>"; };
		F6BF95791A815CD600D1955E /* WebLinkOptionCellInput.m */ = {isa = PBXFileReference; fileEncoding = 4; lastKnownFileType = sourcecode.c.objc; path = WebLinkOptionCellInput.m; sourceTree = "<group>"; };
		F6C099301A16D39F004BBEAE /* SwitchOptionCellInput.h */ = {isa = PBXFileReference; fileEncoding = 4; lastKnownFileType = sourcecode.c.h; path = SwitchOptionCellInput.h; sourceTree = "<group>"; };
		F6C099311A16D39F004BBEAE /* SwitchOptionCellInput.m */ = {isa = PBXFileReference; fileEncoding = 4; lastKnownFileType = sourcecode.c.objc; path = SwitchOptionCellInput.m; sourceTree = "<group>"; };
		F6D7A5631A216192003AE7A1 /* sampleFormProperties.plist */ = {isa = PBXFileReference; fileEncoding = 4; lastKnownFileType = text.plist.xml; path = sampleFormProperties.plist; sourceTree = "<group>"; };
/* End PBXFileReference section */

/* Begin PBXFrameworksBuildPhase section */
		6C7B9CB919E7256400C86637 /* Frameworks */ = {
			isa = PBXFrameworksBuildPhase;
			buildActionMask = 2147483647;
			files = (
				6C7B9D2F19E735D600C86637 /* CoreData.framework in Frameworks */,
				6C7B9D2D19E7352100C86637 /* UIKit.framework in Frameworks */,
				5923702A754745FEB1F27B3E /* libPods-DynamicTableGenerator.a in Frameworks */,
			);
			runOnlyForDeploymentPostprocessing = 0;
		};
		6C7B9CC419E7256400C86637 /* Frameworks */ = {
			isa = PBXFrameworksBuildPhase;
			buildActionMask = 2147483647;
			files = (
			);
			runOnlyForDeploymentPostprocessing = 0;
		};
		6CBA46FD19E7566100EF8861 /* Frameworks */ = {
			isa = PBXFrameworksBuildPhase;
			buildActionMask = 2147483647;
			files = (
			);
			runOnlyForDeploymentPostprocessing = 0;
		};
/* End PBXFrameworksBuildPhase section */

/* Begin PBXGroup section */
		09905CECAE2A4884925F3AE1 /* Frameworks */ = {
			isa = PBXGroup;
			children = (
				6C7B9D2E19E735D600C86637 /* CoreData.framework */,
				6C7B9D2C19E7352100C86637 /* UIKit.framework */,
				DAEAA8757C8B446F8D10E45F /* libPods-DynamicTableGenerator.a */,
			);
			name = Frameworks;
			sourceTree = "<group>";
		};
		6C7B9CB319E7256400C86637 = {
			isa = PBXGroup;
			children = (
				6C7B9CBE19E7256400C86637 /* DynamicTableGenerator */,
				6C7B9CC819E7256400C86637 /* DynamicTableGeneratorTests */,
				6C7B9CBD19E7256400C86637 /* Products */,
				09905CECAE2A4884925F3AE1 /* Frameworks */,
				F2336974B683F9DD961504C7 /* Pods */,
			);
			sourceTree = "<group>";
		};
		6C7B9CBD19E7256400C86637 /* Products */ = {
			isa = PBXGroup;
			children = (
				6C7B9CBC19E7256400C86637 /* libDynamicTableGenerator.a */,
				6C7B9CC719E7256400C86637 /* DynamicTableGeneratorTests.xctest */,
				6CBA470019E7566100EF8861 /* DynamicTableXibs.bundle */,
			);
			name = Products;
			sourceTree = "<group>";
		};
		6C7B9CBE19E7256400C86637 /* DynamicTableGenerator */ = {
			isa = PBXGroup;
			children = (
				F61E3DDB1AAB723D00204130 /* Setup */,
				6C7B9D2519E7303300C86637 /* MainControllers */,
				6C7B9CFA19E72D2500C86637 /* TableViewCells */,
			);
			path = DynamicTableGenerator;
			sourceTree = "<group>";
		};
		6C7B9CC819E7256400C86637 /* DynamicTableGeneratorTests */ = {
			isa = PBXGroup;
			children = (
				6C7B9CC919E7256400C86637 /* Supporting Files */,
			);
			path = DynamicTableGeneratorTests;
			sourceTree = "<group>";
		};
		6C7B9CC919E7256400C86637 /* Supporting Files */ = {
			isa = PBXGroup;
			children = (
				6C7B9CCA19E7256400C86637 /* Info.plist */,
			);
			name = "Supporting Files";
			sourceTree = "<group>";
		};
		6C7B9CFA19E72D2500C86637 /* TableViewCells */ = {
			isa = PBXGroup;
			children = (
				F650D1591A19A365008014FA /* TableViewNavigationDelegate.h */,
				6C7B9CFB19E72D3A00C86637 /* TableCellEditableProtocol.h */,
				F650D15C1A19C2F5008014FA /* TableViewNavigationBar.h */,
				F650D15D1A19C2F5008014FA /* TableViewNavigationBar.m */,
				F6482AB71A16947000865039 /* AutoLayoutCellClasses */,
			);
			name = TableViewCells;
			sourceTree = "<group>";
		};
		6C7B9D1819E72DBC00C86637 /* Helper Protocols */ = {
			isa = PBXGroup;
			children = (
				6C7B9D1919E72DC700C86637 /* PropertyUtil.h */,
				6C7B9D1A19E72DC700C86637 /* PropertyUtil.m */,
				F6D7A5631A216192003AE7A1 /* sampleFormProperties.plist */,
			);
			name = "Helper Protocols";
			sourceTree = "<group>";
		};
		6C7B9D2519E7303300C86637 /* MainControllers */ = {
			isa = PBXGroup;
			children = (
				6C7B9D2919E732AD00C86637 /* DynamicTableViewController.h */,
				6C7B9D2A19E732AD00C86637 /* DynamicTableViewController.m */,
				6C7B9D3A19E7386D00C86637 /* DynamicTableViewCellManager.h */,
				6C7B9D3B19E7386D00C86637 /* DynamicTableViewCellManager.m */,
				6C7B9D2619E7304400C86637 /* DynamicTableViewObjectParser.h */,
				6C7B9D2719E7304400C86637 /* DynamicTableViewObjectParser.m */,
			);
			name = MainControllers;
			sourceTree = "<group>";
		};
		F2336974B683F9DD961504C7 /* Pods */ = {
			isa = PBXGroup;
			children = (
				8CE5960D3BCCF624D49FCAAA /* Pods-DynamicTableGenerator.debug.xcconfig */,
				EC5972F758B4B74B733E38BF /* Pods-DynamicTableGenerator.release.xcconfig */,
			);
			name = Pods;
			sourceTree = "<group>";
		};
		F61E3DCB1AAB705E00204130 /* Switch */ = {
			isa = PBXGroup;
			children = (
				F67496351A16989D0060ECA3 /* SwitchCell.h */,
				F67496361A16989D0060ECA3 /* SwitchCell.m */,
				F6C099301A16D39F004BBEAE /* SwitchOptionCellInput.h */,
				F6C099311A16D39F004BBEAE /* SwitchOptionCellInput.m */,
			);
			name = Switch;
			sourceTree = "<group>";
		};
		F61E3DCC1AAB706900204130 /* Date */ = {
			isa = PBXGroup;
			children = (
				F67496381A169D570060ECA3 /* DateCell.h */,
				F67496391A169D570060ECA3 /* DateCell.m */,
				6C7B9D0619E72D9E00C86637 /* DateOptionCellInput.h */,
				6C7B9D0719E72D9E00C86637 /* DateOptionCellInput.m */,
			);
			name = Date;
			sourceTree = "<group>";
		};
		F61E3DCD1AAB707900204130 /* Text */ = {
			isa = PBXGroup;
			children = (
				F674963B1A169DA20060ECA3 /* TextCell.h */,
				F674963C1A169DA20060ECA3 /* TextCell.m */,
				6C7B9D0819E72D9E00C86637 /* TextOptionCellInput.h */,
				6C7B9D0919E72D9E00C86637 /* TextOptionCellInput.m */,
			);
			name = Text;
			sourceTree = "<group>";
		};
		F61E3DCE1AAB708200204130 /* NumberPad */ = {
			isa = PBXGroup;
			children = (
				F674963E1A169DB10060ECA3 /* NumberCell.h */,
				F674963F1A169DB10060ECA3 /* NumberCell.m */,
				6C7B9D0A19E72D9E00C86637 /* NumberOptionCellInput.h */,
				6C7B9D0B19E72D9E00C86637 /* NumberOptionCellInput.m */,
			);
			name = NumberPad;
			sourceTree = "<group>";
		};
		F61E3DCF1AAB708D00204130 /* Slider */ = {
			isa = PBXGroup;
			children = (
				F67496411A169DBA0060ECA3 /* SliderCell.h */,
				F67496421A169DBA0060ECA3 /* SliderCell.m */,
				6C7B9D0419E72D9E00C86637 /* SliderOptionCellInput.h */,
				6C7B9D0519E72D9E00C86637 /* SliderOptionCellInput.m */,
			);
			name = Slider;
			sourceTree = "<group>";
		};
		F61E3DD01AAB709900204130 /* SegmentedControl */ = {
			isa = PBXGroup;
			children = (
				F67496441A169DEE0060ECA3 /* SegmentCell.h */,
				F67496451A169DEE0060ECA3 /* SegmentCell.m */,
				6C7B9D0219E72D9E00C86637 /* SegmentOptionCellInput.h */,
				6C7B9D0319E72D9E00C86637 /* SegmentOptionCellInput.m */,
			);
			name = SegmentedControl;
			sourceTree = "<group>";
		};
		F61E3DD11AAB70A500204130 /* Stepper */ = {
			isa = PBXGroup;
			children = (
				F654ECFA1A427E7A002074DD /* StepperCell.h */,
				F654ECFB1A427E7A002074DD /* StepperCell.m */,
				F654ECFD1A42801E002074DD /* StepperOptionCellInput.h */,
				F654ECFE1A42801E002074DD /* StepperOptionCellInput.m */,
			);
			name = Stepper;
			sourceTree = "<group>";
		};
		F61E3DD21AAB70BB00204130 /* Base */ = {
			isa = PBXGroup;
			children = (
				F67496321A1696800060ECA3 /* BaseCell.h */,
				F67496331A1696800060ECA3 /* BaseCell.m */,
				6C7B9D0019E72D9E00C86637 /* BaseOptionCellInput.h */,
				6C7B9D0119E72D9E00C86637 /* BaseOptionCellInput.m */,
			);
			name = Base;
			sourceTree = "<group>";
		};
		F61E3DD31AAB70F300204130 /* Button */ = {
			isa = PBXGroup;
			children = (
				6C17BDD41AA6544500DB2338 /* ButtonCell.h */,
				6C17BDD51AA6544500DB2338 /* ButtonCell.m */,
				6C17BDD71AA654F900DB2338 /* ButtonOptionCellInput.h */,
				6C17BDD81AA654F900DB2338 /* ButtonOptionCellInput.m */,
			);
			name = Button;
			sourceTree = "<group>";
		};
		F61E3DD41AAB70FE00204130 /* In App Purchase */ = {
			isa = PBXGroup;
			children = (
				F6AFFCF81A9D434100F51A6A /* InAppPurchaseCell.h */,
				F6AFFCF91A9D434100F51A6A /* InAppPurchaseCell.m */,
				F6AFFCFB1A9D45B100F51A6A /* PurchaseOptionCellInput.h */,
				F6AFFCFC1A9D45B100F51A6A /* PurchaseOptionCellInput.m */,
			);
			name = "In App Purchase";
			sourceTree = "<group>";
		};
		F61E3DD51AAB711B00204130 /* ActionSheet */ = {
			isa = PBXGroup;
			children = (
				F64EE6CE1A787DE400C5683E /* SimpleActionSheetCell.h */,
				F64EE6CF1A787DE400C5683E /* SimpleActionSheetCell.m */,
				6C7B9D0E19E72D9E00C86637 /* ActionSheetOptionCellInput.h */,
				6C7B9D0F19E72D9E00C86637 /* ActionSheetOptionCellInput.m */,
				F64EE6D11A787F9100C5683E /* SimpleActionSheetOptionCellInput.h */,
				F64EE6D21A787F9100C5683E /* SimpleActionSheetOptionCellInput.m */,
			);
			name = ActionSheet;
			sourceTree = "<group>";
		};
		F61E3DD61AAB714400204130 /* WebLink */ = {
			isa = PBXGroup;
			children = (
				F6BF95751A81510C00D1955E /* WebLinkCell.h */,
				F6BF95761A81510C00D1955E /* WebLinkCell.m */,
				F6BF95781A815CD600D1955E /* WebLinkOptionCellInput.h */,
				F6BF95791A815CD600D1955E /* WebLinkOptionCellInput.m */,
			);
			name = WebLink;
			sourceTree = "<group>";
		};
		F61E3DD71AAB718700204130 /* Segue */ = {
			isa = PBXGroup;
			children = (
				F66F806C1A4687C50050A46E /* SegueCell.h */,
				F66F806D1A4687C50050A46E /* SegueCell.m */,
				F66F806F1A46893A0050A46E /* SegueOptionCellInput.h */,
				F66F80701A46893A0050A46E /* SegueOptionCellInput.m */,
			);
			name = Segue;
			sourceTree = "<group>";
		};
		F61E3DD81AAB71B800204130 /* MultipleOptions Picker */ = {
			isa = PBXGroup;
			children = (
				F6B75EFF1A1BDE4C00099557 /* OptionCell.h */,
				F6B75F001A1BDE4C00099557 /* OptionCell.m */,
				6C17BDDA1AA659E100DB2338 /* OptionPickerCellInput.h */,
				6C17BDDB1AA659E100DB2338 /* OptionPickerCellInput.m */,
				6C7B9D3119E7369A00C86637 /* DynamicTableViewCellOptionsPickerViewController.h */,
				6C7B9D3219E7369A00C86637 /* DynamicTableViewCellOptionsPickerViewController.m */,
			);
			name = "MultipleOptions Picker";
			sourceTree = "<group>";
		};
		F61E3DD91AAB71CD00204130 /* Model Controllers */ = {
			isa = PBXGroup;
			children = (
				F61E3DD21AAB70BB00204130 /* Base */,
				F61E3DCB1AAB705E00204130 /* Switch */,
				F61E3DCC1AAB706900204130 /* Date */,
				F61E3DD81AAB71B800204130 /* MultipleOptions Picker */,
				F61E3DCD1AAB707900204130 /* Text */,
				F61E3DD31AAB70F300204130 /* Button */,
				F61E3DCE1AAB708200204130 /* NumberPad */,
				F61E3DCF1AAB708D00204130 /* Slider */,
				F61E3DD01AAB709900204130 /* SegmentedControl */,
				F61E3DD11AAB70A500204130 /* Stepper */,
				F61E3DD51AAB711B00204130 /* ActionSheet */,
			);
			name = "Model Controllers";
			sourceTree = "<group>";
		};
		F61E3DDA1AAB71F300204130 /* Helper/Signal cells */ = {
			isa = PBXGroup;
			children = (
				F61E3DD71AAB718700204130 /* Segue */,
				F61E3DD61AAB714400204130 /* WebLink */,
				F61E3DD41AAB70FE00204130 /* In App Purchase */,
			);
			name = "Helper/Signal cells";
			sourceTree = "<group>";
		};
		F61E3DDB1AAB723D00204130 /* Setup */ = {
			isa = PBXGroup;
			children = (
				F681A8F91A4395FE00992935 /* DynamicTableView.h */,
				F66F806B1A467E1E0050A46E /* DynamicTableViewCells.h */,
				F6BF66691A1AE6A600362F7C /* DynamicTableViewConstants.h */,
				6C7B9D1819E72DBC00C86637 /* Helper Protocols */,
			);
			name = Setup;
			sourceTree = "<group>";
		};
		F6482AB71A16947000865039 /* AutoLayoutCellClasses */ = {
			isa = PBXGroup;
			children = (
				F61E3DD91AAB71CD00204130 /* Model Controllers */,
				F61E3DDA1AAB71F300204130 /* Helper/Signal cells */,
			);
			name = AutoLayoutCellClasses;
			sourceTree = "<group>";
		};
/* End PBXGroup section */

/* Begin PBXNativeTarget section */
		6C7B9CBB19E7256400C86637 /* DynamicTableGenerator */ = {
			isa = PBXNativeTarget;
			buildConfigurationList = 6C7B9CCD19E7256400C86637 /* Build configuration list for PBXNativeTarget "DynamicTableGenerator" */;
			buildPhases = (
				F31CCC19F5824FE09FDD57C5 /* Check Pods Manifest.lock */,
				6C7B9CB819E7256400C86637 /* Sources */,
				6C7B9CB919E7256400C86637 /* Frameworks */,
				6C7B9CBA19E7256400C86637 /* CopyFiles */,
				1655C8E7531645AAB0DA452B /* Copy Pods Resources */,
				6CBA46FB19E755C100EF8861 /* CopyFiles */,
			);
			buildRules = (
			);
			dependencies = (
			);
			name = DynamicTableGenerator;
			productName = DynamicTableGenerator;
			productReference = 6C7B9CBC19E7256400C86637 /* libDynamicTableGenerator.a */;
			productType = "com.apple.product-type.library.static";
		};
		6C7B9CC619E7256400C86637 /* DynamicTableGeneratorTests */ = {
			isa = PBXNativeTarget;
			buildConfigurationList = 6C7B9CD019E7256400C86637 /* Build configuration list for PBXNativeTarget "DynamicTableGeneratorTests" */;
			buildPhases = (
				6C7B9CC319E7256400C86637 /* Sources */,
				6C7B9CC419E7256400C86637 /* Frameworks */,
				6C7B9CC519E7256400C86637 /* Resources */,
			);
			buildRules = (
			);
			dependencies = (
			);
			name = DynamicTableGeneratorTests;
			productName = DynamicTableGeneratorTests;
			productReference = 6C7B9CC719E7256400C86637 /* DynamicTableGeneratorTests.xctest */;
			productType = "com.apple.product-type.bundle.unit-test";
		};
		6CBA46FF19E7566100EF8861 /* DynamicTableXibs */ = {
			isa = PBXNativeTarget;
			buildConfigurationList = 6CBA470419E7566100EF8861 /* Build configuration list for PBXNativeTarget "DynamicTableXibs" */;
			buildPhases = (
				6CBA46FC19E7566100EF8861 /* Sources */,
				6CBA46FD19E7566100EF8861 /* Frameworks */,
				6CBA46FE19E7566100EF8861 /* Resources */,
			);
			buildRules = (
			);
			dependencies = (
			);
			name = DynamicTableXibs;
			productName = DynamicTableXibs;
			productReference = 6CBA470019E7566100EF8861 /* DynamicTableXibs.bundle */;
			productType = "com.apple.product-type.bundle";
		};
/* End PBXNativeTarget section */

/* Begin PBXProject section */
		6C7B9CB419E7256400C86637 /* Project object */ = {
			isa = PBXProject;
			attributes = {
				LastUpgradeCheck = 0600;
				ORGANIZATIONNAME = "Theodore Brown";
				TargetAttributes = {
					6C7B9CBB19E7256400C86637 = {
						CreatedOnToolsVersion = 6.0.1;
					};
					6C7B9CC619E7256400C86637 = {
						CreatedOnToolsVersion = 6.0.1;
					};
					6CBA46FF19E7566100EF8861 = {
						CreatedOnToolsVersion = 6.0.1;
					};
				};
			};
			buildConfigurationList = 6C7B9CB719E7256400C86637 /* Build configuration list for PBXProject "DynamicTableGenerator" */;
			compatibilityVersion = "Xcode 3.2";
			developmentRegion = English;
			hasScannedForEncodings = 0;
			knownRegions = (
				en,
			);
			mainGroup = 6C7B9CB319E7256400C86637;
			productRefGroup = 6C7B9CBD19E7256400C86637 /* Products */;
			projectDirPath = "";
			projectRoot = "";
			targets = (
				6C7B9CBB19E7256400C86637 /* DynamicTableGenerator */,
				6C7B9CC619E7256400C86637 /* DynamicTableGeneratorTests */,
				6CBA46FF19E7566100EF8861 /* DynamicTableXibs */,
			);
		};
/* End PBXProject section */

/* Begin PBXResourcesBuildPhase section */
		6C7B9CC519E7256400C86637 /* Resources */ = {
			isa = PBXResourcesBuildPhase;
			buildActionMask = 2147483647;
			files = (
			);
			runOnlyForDeploymentPostprocessing = 0;
		};
		6CBA46FE19E7566100EF8861 /* Resources */ = {
			isa = PBXResourcesBuildPhase;
			buildActionMask = 2147483647;
			files = (
			);
			runOnlyForDeploymentPostprocessing = 0;
		};
/* End PBXResourcesBuildPhase section */

/* Begin PBXShellScriptBuildPhase section */
		1655C8E7531645AAB0DA452B /* Copy Pods Resources */ = {
			isa = PBXShellScriptBuildPhase;
			buildActionMask = 2147483647;
			files = (
			);
			inputPaths = (
			);
			name = "Copy Pods Resources";
			outputPaths = (
			);
			runOnlyForDeploymentPostprocessing = 0;
			shellPath = /bin/sh;
			shellScript = "\"${SRCROOT}/Pods/Target Support Files/Pods-DynamicTableGenerator/Pods-DynamicTableGenerator-resources.sh\"\n";
			showEnvVarsInLog = 0;
		};
		F31CCC19F5824FE09FDD57C5 /* Check Pods Manifest.lock */ = {
			isa = PBXShellScriptBuildPhase;
			buildActionMask = 2147483647;
			files = (
			);
			inputPaths = (
			);
			name = "Check Pods Manifest.lock";
			outputPaths = (
			);
			runOnlyForDeploymentPostprocessing = 0;
			shellPath = /bin/sh;
			shellScript = "diff \"${PODS_ROOT}/../Podfile.lock\" \"${PODS_ROOT}/Manifest.lock\" > /dev/null\nif [[ $? != 0 ]] ; then\n    cat << EOM\nerror: The sandbox is not in sync with the Podfile.lock. Run 'pod install' or update your CocoaPods installation.\nEOM\n    exit 1\nfi\n";
			showEnvVarsInLog = 0;
		};
/* End PBXShellScriptBuildPhase section */

/* Begin PBXSourcesBuildPhase section */
		6C7B9CB819E7256400C86637 /* Sources */ = {
			isa = PBXSourcesBuildPhase;
			buildActionMask = 2147483647;
			files = (
				F6B75F011A1BDE4C00099557 /* OptionCell.m in Sources */,
				F6AFFCFA1A9D434100F51A6A /* InAppPurchaseCell.m in Sources */,
				F67496341A1696800060ECA3 /* BaseCell.m in Sources */,
				6C17BDD91AA654F900DB2338 /* ButtonOptionCellInput.m in Sources */,
				F674963A1A169D570060ECA3 /* DateCell.m in Sources */,
				F64EE6D01A787DE400C5683E /* SimpleActionSheetCell.m in Sources */,
				F67496401A169DB10060ECA3 /* NumberCell.m in Sources */,
				6C7B9D1319E72D9E00C86637 /* DateOptionCellInput.m in Sources */,
				6C7B9D1419E72D9E00C86637 /* TextOptionCellInput.m in Sources */,
				F654ECFC1A427E7A002074DD /* StepperCell.m in Sources */,
				6C7B9D2819E7304400C86637 /* DynamicTableViewObjectParser.m in Sources */,
				F6BF95771A81510C00D1955E /* WebLinkCell.m in Sources */,
				F67496371A16989D0060ECA3 /* SwitchCell.m in Sources */,
				F654ECFF1A42801E002074DD /* StepperOptionCellInput.m in Sources */,
				6C7B9D2119E72DC700C86637 /* PropertyUtil.m in Sources */,
				6C7B9D3C19E7386D00C86637 /* DynamicTableViewCellManager.m in Sources */,
				6C7B9D1719E72D9E00C86637 /* ActionSheetOptionCellInput.m in Sources */,
				6C7B9D2B19E732AD00C86637 /* DynamicTableViewController.m in Sources */,
				F650D15E1A19C2F5008014FA /* TableViewNavigationBar.m in Sources */,
				F67496431A169DBA0060ECA3 /* SliderCell.m in Sources */,
				6C17BDDC1AA659E100DB2338 /* OptionPickerCellInput.m in Sources */,
				F6BF957A1A815CD600D1955E /* WebLinkOptionCellInput.m in Sources */,
				6C7B9D1019E72D9E00C86637 /* BaseOptionCellInput.m in Sources */,
				6C7B9D3519E7369A00C86637 /* DynamicTableViewCellOptionsPickerViewController.m in Sources */,
				F6C099321A16D39F004BBEAE /* SwitchOptionCellInput.m in Sources */,
				6C7B9D1219E72D9E00C86637 /* SliderOptionCellInput.m in Sources */,
				F64EE6D31A787F9100C5683E /* SimpleActionSheetOptionCellInput.m in Sources */,
				F6AFFCFD1A9D45B100F51A6A /* PurchaseOptionCellInput.m in Sources */,
				6C7B9D1119E72D9E00C86637 /* SegmentOptionCellInput.m in Sources */,
				F67496461A169DEE0060ECA3 /* SegmentCell.m in Sources */,
				F674963D1A169DA20060ECA3 /* TextCell.m in Sources */,
				F66F80711A46893A0050A46E /* SegueOptionCellInput.m in Sources */,
				6C7B9D1519E72D9E00C86637 /* NumberOptionCellInput.m in Sources */,
				F66F806E1A4687C50050A46E /* SegueCell.m in Sources */,
				6C17BDD61AA6544500DB2338 /* ButtonCell.m in Sources */,
			);
			runOnlyForDeploymentPostprocessing = 0;
		};
		6C7B9CC319E7256400C86637 /* Sources */ = {
			isa = PBXSourcesBuildPhase;
			buildActionMask = 2147483647;
			files = (
			);
			runOnlyForDeploymentPostprocessing = 0;
		};
		6CBA46FC19E7566100EF8861 /* Sources */ = {
			isa = PBXSourcesBuildPhase;
			buildActionMask = 2147483647;
			files = (
			);
			runOnlyForDeploymentPostprocessing = 0;
		};
/* End PBXSourcesBuildPhase section */

/* Begin XCBuildConfiguration section */
		6C7B9CCB19E7256400C86637 /* Debug */ = {
			isa = XCBuildConfiguration;
			buildSettings = {
				ALWAYS_SEARCH_USER_PATHS = NO;
				CLANG_CXX_LANGUAGE_STANDARD = "gnu++0x";
				CLANG_CXX_LIBRARY = "libc++";
				CLANG_ENABLE_MODULES = YES;
				CLANG_ENABLE_OBJC_ARC = YES;
				CLANG_WARN_BOOL_CONVERSION = YES;
				CLANG_WARN_CONSTANT_CONVERSION = YES;
				CLANG_WARN_DIRECT_OBJC_ISA_USAGE = YES_ERROR;
				CLANG_WARN_EMPTY_BODY = YES;
				CLANG_WARN_ENUM_CONVERSION = YES;
				CLANG_WARN_INT_CONVERSION = YES;
				CLANG_WARN_OBJC_ROOT_CLASS = YES_ERROR;
				CLANG_WARN_UNREACHABLE_CODE = YES;
				CLANG_WARN__DUPLICATE_METHOD_MATCH = YES;
				CODE_SIGN_IDENTITY = "iPhone Developer";
				COPY_PHASE_STRIP = NO;
				ENABLE_STRICT_OBJC_MSGSEND = YES;
				GCC_C_LANGUAGE_STANDARD = gnu99;
				GCC_DYNAMIC_NO_PIC = NO;
				GCC_OPTIMIZATION_LEVEL = 0;
				GCC_PREPROCESSOR_DEFINITIONS = (
					"DEBUG=1",
					"$(inherited)",
				);
				GCC_SYMBOLS_PRIVATE_EXTERN = NO;
				GCC_WARN_64_TO_32_BIT_CONVERSION = YES;
				GCC_WARN_ABOUT_RETURN_TYPE = YES_ERROR;
				GCC_WARN_UNDECLARED_SELECTOR = YES;
				GCC_WARN_UNINITIALIZED_AUTOS = YES_AGGRESSIVE;
				GCC_WARN_UNUSED_FUNCTION = YES;
				GCC_WARN_UNUSED_VARIABLE = YES;
				IPHONEOS_DEPLOYMENT_TARGET = 7.1;
				MTL_ENABLE_DEBUG_INFO = YES;
				ONLY_ACTIVE_ARCH = YES;
				SDKROOT = iphoneos;
			};
			name = Debug;
		};
		6C7B9CCC19E7256400C86637 /* Release */ = {
			isa = XCBuildConfiguration;
			buildSettings = {
				ALWAYS_SEARCH_USER_PATHS = NO;
				CLANG_CXX_LANGUAGE_STANDARD = "gnu++0x";
				CLANG_CXX_LIBRARY = "libc++";
				CLANG_ENABLE_MODULES = YES;
				CLANG_ENABLE_OBJC_ARC = YES;
				CLANG_WARN_BOOL_CONVERSION = YES;
				CLANG_WARN_CONSTANT_CONVERSION = YES;
				CLANG_WARN_DIRECT_OBJC_ISA_USAGE = YES_ERROR;
				CLANG_WARN_EMPTY_BODY = YES;
				CLANG_WARN_ENUM_CONVERSION = YES;
				CLANG_WARN_INT_CONVERSION = YES;
				CLANG_WARN_OBJC_ROOT_CLASS = YES_ERROR;
				CLANG_WARN_UNREACHABLE_CODE = YES;
				CLANG_WARN__DUPLICATE_METHOD_MATCH = YES;
				CODE_SIGN_IDENTITY = "iPhone Developer";
				COPY_PHASE_STRIP = YES;
				ENABLE_NS_ASSERTIONS = NO;
				ENABLE_STRICT_OBJC_MSGSEND = YES;
				GCC_C_LANGUAGE_STANDARD = gnu99;
				GCC_WARN_64_TO_32_BIT_CONVERSION = YES;
				GCC_WARN_ABOUT_RETURN_TYPE = YES_ERROR;
				GCC_WARN_UNDECLARED_SELECTOR = YES;
				GCC_WARN_UNINITIALIZED_AUTOS = YES_AGGRESSIVE;
				GCC_WARN_UNUSED_FUNCTION = YES;
				GCC_WARN_UNUSED_VARIABLE = YES;
				IPHONEOS_DEPLOYMENT_TARGET = 7.1;
				MTL_ENABLE_DEBUG_INFO = NO;
				SDKROOT = iphoneos;
				VALIDATE_PRODUCT = YES;
			};
			name = Release;
		};
		6C7B9CCE19E7256400C86637 /* Debug */ = {
			isa = XCBuildConfiguration;
			baseConfigurationReference = 8CE5960D3BCCF624D49FCAAA /* Pods-DynamicTableGenerator.debug.xcconfig */;
			buildSettings = {
				CODE_SIGN_IDENTITY = "iPhone Developer";
				IPHONEOS_DEPLOYMENT_TARGET = 7.0;
				OTHER_LDFLAGS = (
					"-ObjC",
					"$(inherited)",
				);
				PRODUCT_NAME = "$(TARGET_NAME)";
				SKIP_INSTALL = YES;
			};
			name = Debug;
		};
		6C7B9CCF19E7256400C86637 /* Release */ = {
			isa = XCBuildConfiguration;
			baseConfigurationReference = EC5972F758B4B74B733E38BF /* Pods-DynamicTableGenerator.release.xcconfig */;
			buildSettings = {
				CODE_SIGN_IDENTITY = "iPhone Developer";
				IPHONEOS_DEPLOYMENT_TARGET = 7.0;
				OTHER_LDFLAGS = (
					"-ObjC",
					"$(inherited)",
				);
				PRODUCT_NAME = "$(TARGET_NAME)";
				SKIP_INSTALL = YES;
			};
			name = Release;
		};
		6C7B9CD119E7256400C86637 /* Debug */ = {
			isa = XCBuildConfiguration;
			buildSettings = {
				FRAMEWORK_SEARCH_PATHS = (
					"$(SDKROOT)/Developer/Library/Frameworks",
					"$(inherited)",
				);
				GCC_PREPROCESSOR_DEFINITIONS = (
					"DEBUG=1",
					"$(inherited)",
				);
				INFOPLIST_FILE = DynamicTableGeneratorTests/Info.plist;
				LD_RUNPATH_SEARCH_PATHS = "$(inherited) @executable_path/Frameworks @loader_path/Frameworks";
				PRODUCT_NAME = "$(TARGET_NAME)";
			};
			name = Debug;
		};
		6C7B9CD219E7256400C86637 /* Release */ = {
			isa = XCBuildConfiguration;
			buildSettings = {
				FRAMEWORK_SEARCH_PATHS = (
					"$(SDKROOT)/Developer/Library/Frameworks",
					"$(inherited)",
				);
				INFOPLIST_FILE = DynamicTableGeneratorTests/Info.plist;
				LD_RUNPATH_SEARCH_PATHS = "$(inherited) @executable_path/Frameworks @loader_path/Frameworks";
				PRODUCT_NAME = "$(TARGET_NAME)";
			};
			name = Release;
		};
		6CBA470519E7566100EF8861 /* Debug */ = {
			isa = XCBuildConfiguration;
			buildSettings = {
				COMBINE_HIDPI_IMAGES = YES;
				GCC_PREPROCESSOR_DEFINITIONS = (
					"DEBUG=1",
					"$(inherited)",
				);
				INFOPLIST_FILE = DynamicTableXibs/Info.plist;
				INSTALL_PATH = "$(LOCAL_LIBRARY_DIR)/Bundles";
				MACOSX_DEPLOYMENT_TARGET = 10.9;
				PRODUCT_NAME = "$(TARGET_NAME)";
				SDKROOT = iphoneos;
				SKIP_INSTALL = YES;
				WRAPPER_EXTENSION = bundle;
			};
			name = Debug;
		};
		6CBA470619E7566100EF8861 /* Release */ = {
			isa = XCBuildConfiguration;
			buildSettings = {
				COMBINE_HIDPI_IMAGES = YES;
				DEBUG_INFORMATION_FORMAT = "dwarf-with-dsym";
				INFOPLIST_FILE = DynamicTableXibs/Info.plist;
				INSTALL_PATH = "$(LOCAL_LIBRARY_DIR)/Bundles";
				MACOSX_DEPLOYMENT_TARGET = 10.9;
				PRODUCT_NAME = "$(TARGET_NAME)";
				SDKROOT = iphoneos;
				SKIP_INSTALL = YES;
				WRAPPER_EXTENSION = bundle;
			};
			name = Release;
		};
/* End XCBuildConfiguration section */

/* Begin XCConfigurationList section */
		6C7B9CB719E7256400C86637 /* Build configuration list for PBXProject "DynamicTableGenerator" */ = {
			isa = XCConfigurationList;
			buildConfigurations = (
				6C7B9CCB19E7256400C86637 /* Debug */,
				6C7B9CCC19E7256400C86637 /* Release */,
			);
			defaultConfigurationIsVisible = 0;
			defaultConfigurationName = Release;
		};
		6C7B9CCD19E7256400C86637 /* Build configuration list for PBXNativeTarget "DynamicTableGenerator" */ = {
			isa = XCConfigurationList;
			buildConfigurations = (
				6C7B9CCE19E7256400C86637 /* Debug */,
				6C7B9CCF19E7256400C86637 /* Release */,
			);
			defaultConfigurationIsVisible = 0;
			defaultConfigurationName = Release;
		};
		6C7B9CD019E7256400C86637 /* Build configuration list for PBXNativeTarget "DynamicTableGeneratorTests" */ = {
			isa = XCConfigurationList;
			buildConfigurations = (
				6C7B9CD119E7256400C86637 /* Debug */,
				6C7B9CD219E7256400C86637 /* Release */,
			);
			defaultConfigurationIsVisible = 0;
			defaultConfigurationName = Release;
		};
		6CBA470419E7566100EF8861 /* Build configuration list for PBXNativeTarget "DynamicTableXibs" */ = {
			isa = XCConfigurationList;
			buildConfigurations = (
				6CBA470519E7566100EF8861 /* Debug */,
				6CBA470619E7566100EF8861 /* Release */,
			);
			defaultConfigurationIsVisible = 0;
			defaultConfigurationName = Release;
		};
/* End XCConfigurationList section */
	};
	rootObject = 6C7B9CB419E7256400C86637 /* Project object */;
}
